// !$*UTF8*$!
{
	archiveVersion = 1;
	classes = {
	};
	objectVersion = 51;
	objects = {

/* Begin PBXBuildFile section */
		1EAC68486B0F8E93D649E72C /* Pods_HotelMovieAppTests.framework in Frameworks */ = {isa = PBXBuildFile; fileRef = CB974C3411637D8E5B13D7C1 /* Pods_HotelMovieAppTests.framework */; };
		59A95EA32630FE226B6B647B /* Pods_HotelMovieApp_HotelMovieAppUITests.framework in Frameworks */ = {isa = PBXBuildFile; fileRef = E5AB320D00A0EFB5EAF031F4 /* Pods_HotelMovieApp_HotelMovieAppUITests.framework */; };
		EDEE00A955824E0F4458AA53 /* Pods_HotelMovieApp.framework in Frameworks */ = {isa = PBXBuildFile; fileRef = BEEE64F04DA1EA35486F2868 /* Pods_HotelMovieApp.framework */; };
		F50DA8BC237883C30065CD2B /* AppDelegate.swift in Sources */ = {isa = PBXBuildFile; fileRef = F50DA8BB237883C30065CD2B /* AppDelegate.swift */; };
		F50DA8BE237883C30065CD2B /* SceneDelegate.swift in Sources */ = {isa = PBXBuildFile; fileRef = F50DA8BD237883C30065CD2B /* SceneDelegate.swift */; };
		F50DA8C5237883C70065CD2B /* Assets.xcassets in Resources */ = {isa = PBXBuildFile; fileRef = F50DA8C4237883C70065CD2B /* Assets.xcassets */; };
		F50DA8C8237883C70065CD2B /* LaunchScreen.storyboard in Resources */ = {isa = PBXBuildFile; fileRef = F50DA8C6237883C70065CD2B /* LaunchScreen.storyboard */; };
		F50DA8D3237883C70065CD2B /* HotelMovieAppTests.swift in Sources */ = {isa = PBXBuildFile; fileRef = F50DA8D2237883C70065CD2B /* HotelMovieAppTests.swift */; };
		F50DA8DE237883C70065CD2B /* HotelMovieAppUITests.swift in Sources */ = {isa = PBXBuildFile; fileRef = F50DA8DD237883C70065CD2B /* HotelMovieAppUITests.swift */; };
		F50DA8F2237886E90065CD2B /* ProfileImagePickerController.swift in Sources */ = {isa = PBXBuildFile; fileRef = F50DA8EF237886E90065CD2B /* ProfileImagePickerController.swift */; };
		F50DA8F3237886E90065CD2B /* SignUpController.swift in Sources */ = {isa = PBXBuildFile; fileRef = F50DA8F0237886E90065CD2B /* SignUpController.swift */; };
		F50DA8F4237886E90065CD2B /* LoginController.swift in Sources */ = {isa = PBXBuildFile; fileRef = F50DA8F1237886E90065CD2B /* LoginController.swift */; };
		F50DA8F92378874E0065CD2B /* Extension_LayoutAnchors.swift in Sources */ = {isa = PBXBuildFile; fileRef = F50DA8F62378874D0065CD2B /* Extension_LayoutAnchors.swift */; };
		F50DA8FA2378874E0065CD2B /* UIImage+CacheExtension.swift in Sources */ = {isa = PBXBuildFile; fileRef = F50DA8F72378874D0065CD2B /* UIImage+CacheExtension.swift */; };
		F50DA8FB2378874E0065CD2B /* UILabel+DateExtension.swift in Sources */ = {isa = PBXBuildFile; fileRef = F50DA8F82378874E0065CD2B /* UILabel+DateExtension.swift */; };
		F539EF6423AE506F00BEEEE9 /* Videos.swift in Sources */ = {isa = PBXBuildFile; fileRef = F539EF6323AE506E00BEEEE9 /* Videos.swift */; };
		F53B524423C3AD6D00FF5DB8 /* HomeController.swift in Sources */ = {isa = PBXBuildFile; fileRef = F53B524323C3AD6C00FF5DB8 /* HomeController.swift */; };
		F56748BB23A9438E00054C74 /* MovieTrailersController.swift in Sources */ = {isa = PBXBuildFile; fileRef = F56748BA23A9438D00054C74 /* MovieTrailersController.swift */; };
		F56748BD23A943CA00054C74 /* MovieTrailersCell.swift in Sources */ = {isa = PBXBuildFile; fileRef = F56748BC23A943CA00054C74 /* MovieTrailersCell.swift */; };
		F59E14B5238AE70D007422C8 /* Validator.swift in Sources */ = {isa = PBXBuildFile; fileRef = F59E14B4238AE70D007422C8 /* Validator.swift */; };
		F5D9D8DC23B7C6CE0026660A /* Alerts.swift in Sources */ = {isa = PBXBuildFile; fileRef = F5D9D8DB23B7C6CE0026660A /* Alerts.swift */; };
		F5F48D6123870993004CE6BA /* MainTabBarController.swift in Sources */ = {isa = PBXBuildFile; fileRef = F5F48D6023870993004CE6BA /* MainTabBarController.swift */; };
		F5F48D64238709D9004CE6BA /* SearchController.swift in Sources */ = {isa = PBXBuildFile; fileRef = F5F48D63238709D9004CE6BA /* SearchController.swift */; };
		F5F48D6723870A56004CE6BA /* ListController.swift in Sources */ = {isa = PBXBuildFile; fileRef = F5F48D6623870A56004CE6BA /* ListController.swift */; };
		F5F48D6E23870A97004CE6BA /* MovieCast.swift in Sources */ = {isa = PBXBuildFile; fileRef = F5F48D6923870A96004CE6BA /* MovieCast.swift */; };
		F5F48D6F23870A97004CE6BA /* HomeModels.swift in Sources */ = {isa = PBXBuildFile; fileRef = F5F48D6A23870A96004CE6BA /* HomeModels.swift */; };
		F5F48D7023870A97004CE6BA /* User.swift in Sources */ = {isa = PBXBuildFile; fileRef = F5F48D6B23870A96004CE6BA /* User.swift */; };
		F5F48D7123870A97004CE6BA /* MovieModels.swift in Sources */ = {isa = PBXBuildFile; fileRef = F5F48D6C23870A97004CE6BA /* MovieModels.swift */; };
		F5F48D7223870A97004CE6BA /* MovieReviews.swift in Sources */ = {isa = PBXBuildFile; fileRef = F5F48D6D23870A97004CE6BA /* MovieReviews.swift */; };
		F5F48D7923870AF7004CE6BA /* MovieSearchCell.swift in Sources */ = {isa = PBXBuildFile; fileRef = F5F48D7823870AF7004CE6BA /* MovieSearchCell.swift */; };
		F5F48D7C23870AFF004CE6BA /* ListCell.swift in Sources */ = {isa = PBXBuildFile; fileRef = F5F48D7A23870AFF004CE6BA /* ListCell.swift */; };
		F5F48D7D23870AFF004CE6BA /* ListProfileHeaderView.swift in Sources */ = {isa = PBXBuildFile; fileRef = F5F48D7B23870AFF004CE6BA /* ListProfileHeaderView.swift */; };
		F5F48D8023870B08004CE6BA /* HomeMovieCell.swift in Sources */ = {isa = PBXBuildFile; fileRef = F5F48D7E23870B08004CE6BA /* HomeMovieCell.swift */; };
		F5F48D8123870B08004CE6BA /* HomeControllerCell.swift in Sources */ = {isa = PBXBuildFile; fileRef = F5F48D7F23870B08004CE6BA /* HomeControllerCell.swift */; };
		F5F48D8823870B7A004CE6BA /* MovieDetailsCell.swift in Sources */ = {isa = PBXBuildFile; fileRef = F5F48D8723870B79004CE6BA /* MovieDetailsCell.swift */; };
		F5F48D8B23870B80004CE6BA /* MovieDetailsCastSectionCell.swift in Sources */ = {isa = PBXBuildFile; fileRef = F5F48D8923870B80004CE6BA /* MovieDetailsCastSectionCell.swift */; };
		F5F48D8C23870B80004CE6BA /* ActorCastCell.swift in Sources */ = {isa = PBXBuildFile; fileRef = F5F48D8A23870B80004CE6BA /* ActorCastCell.swift */; };
		F5F48D8F23870B88004CE6BA /* DetailPosterHeader.swift in Sources */ = {isa = PBXBuildFile; fileRef = F5F48D8D23870B87004CE6BA /* DetailPosterHeader.swift */; };
		F5F48D9023870B88004CE6BA /* DetailsAddToLIstFooter.swift in Sources */ = {isa = PBXBuildFile; fileRef = F5F48D8E23870B88004CE6BA /* DetailsAddToLIstFooter.swift */; };
		F5F48D9423870B8F004CE6BA /* ReviewCell.swift in Sources */ = {isa = PBXBuildFile; fileRef = F5F48D9123870B8E004CE6BA /* ReviewCell.swift */; };
		F5F48D9523870B8F004CE6BA /* MovieDetailsReviewSectionCell.swift in Sources */ = {isa = PBXBuildFile; fileRef = F5F48D9223870B8E004CE6BA /* MovieDetailsReviewSectionCell.swift */; };
		F5F48D9623870B8F004CE6BA /* FullReviewController.swift in Sources */ = {isa = PBXBuildFile; fileRef = F5F48D9323870B8F004CE6BA /* FullReviewController.swift */; };
		F5F48D9A23870BCA004CE6BA /* FirebaseService.swift in Sources */ = {isa = PBXBuildFile; fileRef = F5F48D9823870BCA004CE6BA /* FirebaseService.swift */; };
		F5F48D9B23870BCA004CE6BA /* ApiService.swift in Sources */ = {isa = PBXBuildFile; fileRef = F5F48D9923870BCA004CE6BA /* ApiService.swift */; };
		F5F48D9D23870CCE004CE6BA /* GoogleService-Info.plist in Resources */ = {isa = PBXBuildFile; fileRef = F5F48D9C23870CCE004CE6BA /* GoogleService-Info.plist */; };
		F5F48DA023870EA8004CE6BA /* MovieDetailsController.swift in Sources */ = {isa = PBXBuildFile; fileRef = F5F48D9F23870EA8004CE6BA /* MovieDetailsController.swift */; };
/* End PBXBuildFile section */

/* Begin PBXContainerItemProxy section */
		F50DA8CF237883C70065CD2B /* PBXContainerItemProxy */ = {
			isa = PBXContainerItemProxy;
			containerPortal = F50DA8B0237883C30065CD2B /* Project object */;
			proxyType = 1;
			remoteGlobalIDString = F50DA8B7237883C30065CD2B;
			remoteInfo = HotelMovieApp;
		};
		F50DA8DA237883C70065CD2B /* PBXContainerItemProxy */ = {
			isa = PBXContainerItemProxy;
			containerPortal = F50DA8B0237883C30065CD2B /* Project object */;
			proxyType = 1;
			remoteGlobalIDString = F50DA8B7237883C30065CD2B;
			remoteInfo = HotelMovieApp;
		};
/* End PBXContainerItemProxy section */

/* Begin PBXFileReference section */
		2E6358BDFE249A438B67A589 /* Pods-HotelMovieApp.release.xcconfig */ = {isa = PBXFileReference; includeInIndex = 1; lastKnownFileType = text.xcconfig; name = "Pods-HotelMovieApp.release.xcconfig"; path = "Target Support Files/Pods-HotelMovieApp/Pods-HotelMovieApp.release.xcconfig"; sourceTree = "<group>"; };
		977C2E78BA88D5D8FD232A3C /* Pods-HotelMovieAppTests.debug.xcconfig */ = {isa = PBXFileReference; includeInIndex = 1; lastKnownFileType = text.xcconfig; name = "Pods-HotelMovieAppTests.debug.xcconfig"; path = "Target Support Files/Pods-HotelMovieAppTests/Pods-HotelMovieAppTests.debug.xcconfig"; sourceTree = "<group>"; };
		B42533EAE9208DBD4837747F /* Pods-HotelMovieApp-HotelMovieAppUITests.release.xcconfig */ = {isa = PBXFileReference; includeInIndex = 1; lastKnownFileType = text.xcconfig; name = "Pods-HotelMovieApp-HotelMovieAppUITests.release.xcconfig"; path = "Target Support Files/Pods-HotelMovieApp-HotelMovieAppUITests/Pods-HotelMovieApp-HotelMovieAppUITests.release.xcconfig"; sourceTree = "<group>"; };
		BEEE64F04DA1EA35486F2868 /* Pods_HotelMovieApp.framework */ = {isa = PBXFileReference; explicitFileType = wrapper.framework; includeInIndex = 0; path = Pods_HotelMovieApp.framework; sourceTree = BUILT_PRODUCTS_DIR; };
		CB974C3411637D8E5B13D7C1 /* Pods_HotelMovieAppTests.framework */ = {isa = PBXFileReference; explicitFileType = wrapper.framework; includeInIndex = 0; path = Pods_HotelMovieAppTests.framework; sourceTree = BUILT_PRODUCTS_DIR; };
		CF1DD1FE1310A5D8DDB50645 /* Pods-HotelMovieApp.debug.xcconfig */ = {isa = PBXFileReference; includeInIndex = 1; lastKnownFileType = text.xcconfig; name = "Pods-HotelMovieApp.debug.xcconfig"; path = "Target Support Files/Pods-HotelMovieApp/Pods-HotelMovieApp.debug.xcconfig"; sourceTree = "<group>"; };
		DB45440A84F5D05361527E69 /* Pods-HotelMovieApp-HotelMovieAppUITests.debug.xcconfig */ = {isa = PBXFileReference; includeInIndex = 1; lastKnownFileType = text.xcconfig; name = "Pods-HotelMovieApp-HotelMovieAppUITests.debug.xcconfig"; path = "Target Support Files/Pods-HotelMovieApp-HotelMovieAppUITests/Pods-HotelMovieApp-HotelMovieAppUITests.debug.xcconfig"; sourceTree = "<group>"; };
		E5AB320D00A0EFB5EAF031F4 /* Pods_HotelMovieApp_HotelMovieAppUITests.framework */ = {isa = PBXFileReference; explicitFileType = wrapper.framework; includeInIndex = 0; path = Pods_HotelMovieApp_HotelMovieAppUITests.framework; sourceTree = BUILT_PRODUCTS_DIR; };
		F14D6161F791F725EA071799 /* Pods-HotelMovieAppTests.release.xcconfig */ = {isa = PBXFileReference; includeInIndex = 1; lastKnownFileType = text.xcconfig; name = "Pods-HotelMovieAppTests.release.xcconfig"; path = "Target Support Files/Pods-HotelMovieAppTests/Pods-HotelMovieAppTests.release.xcconfig"; sourceTree = "<group>"; };
		F50DA8B8237883C30065CD2B /* HotelMovieApp.app */ = {isa = PBXFileReference; explicitFileType = wrapper.application; includeInIndex = 0; path = HotelMovieApp.app; sourceTree = BUILT_PRODUCTS_DIR; };
		F50DA8BB237883C30065CD2B /* AppDelegate.swift */ = {isa = PBXFileReference; lastKnownFileType = sourcecode.swift; path = AppDelegate.swift; sourceTree = "<group>"; };
		F50DA8BD237883C30065CD2B /* SceneDelegate.swift */ = {isa = PBXFileReference; lastKnownFileType = sourcecode.swift; path = SceneDelegate.swift; sourceTree = "<group>"; };
		F50DA8C4237883C70065CD2B /* Assets.xcassets */ = {isa = PBXFileReference; lastKnownFileType = folder.assetcatalog; path = Assets.xcassets; sourceTree = "<group>"; };
		F50DA8C7237883C70065CD2B /* Base */ = {isa = PBXFileReference; lastKnownFileType = file.storyboard; name = Base; path = Base.lproj/LaunchScreen.storyboard; sourceTree = "<group>"; };
		F50DA8C9237883C70065CD2B /* Info.plist */ = {isa = PBXFileReference; lastKnownFileType = text.plist.xml; path = Info.plist; sourceTree = "<group>"; };
		F50DA8CE237883C70065CD2B /* HotelMovieAppTests.xctest */ = {isa = PBXFileReference; explicitFileType = wrapper.cfbundle; includeInIndex = 0; path = HotelMovieAppTests.xctest; sourceTree = BUILT_PRODUCTS_DIR; };
		F50DA8D2237883C70065CD2B /* HotelMovieAppTests.swift */ = {isa = PBXFileReference; lastKnownFileType = sourcecode.swift; path = HotelMovieAppTests.swift; sourceTree = "<group>"; };
		F50DA8D4237883C70065CD2B /* Info.plist */ = {isa = PBXFileReference; lastKnownFileType = text.plist.xml; path = Info.plist; sourceTree = "<group>"; };
		F50DA8D9237883C70065CD2B /* HotelMovieAppUITests.xctest */ = {isa = PBXFileReference; explicitFileType = wrapper.cfbundle; includeInIndex = 0; path = HotelMovieAppUITests.xctest; sourceTree = BUILT_PRODUCTS_DIR; };
		F50DA8DD237883C70065CD2B /* HotelMovieAppUITests.swift */ = {isa = PBXFileReference; lastKnownFileType = sourcecode.swift; path = HotelMovieAppUITests.swift; sourceTree = "<group>"; };
		F50DA8DF237883C70065CD2B /* Info.plist */ = {isa = PBXFileReference; lastKnownFileType = text.plist.xml; path = Info.plist; sourceTree = "<group>"; };
		F50DA8EF237886E90065CD2B /* ProfileImagePickerController.swift */ = {isa = PBXFileReference; fileEncoding = 4; lastKnownFileType = sourcecode.swift; path = ProfileImagePickerController.swift; sourceTree = "<group>"; };
		F50DA8F0237886E90065CD2B /* SignUpController.swift */ = {isa = PBXFileReference; fileEncoding = 4; lastKnownFileType = sourcecode.swift; path = SignUpController.swift; sourceTree = "<group>"; };
		F50DA8F1237886E90065CD2B /* LoginController.swift */ = {isa = PBXFileReference; fileEncoding = 4; lastKnownFileType = sourcecode.swift; path = LoginController.swift; sourceTree = "<group>"; };
		F50DA8F62378874D0065CD2B /* Extension_LayoutAnchors.swift */ = {isa = PBXFileReference; fileEncoding = 4; lastKnownFileType = sourcecode.swift; path = Extension_LayoutAnchors.swift; sourceTree = "<group>"; };
		F50DA8F72378874D0065CD2B /* UIImage+CacheExtension.swift */ = {isa = PBXFileReference; fileEncoding = 4; lastKnownFileType = sourcecode.swift; path = "UIImage+CacheExtension.swift"; sourceTree = "<group>"; };
		F50DA8F82378874E0065CD2B /* UILabel+DateExtension.swift */ = {isa = PBXFileReference; fileEncoding = 4; lastKnownFileType = sourcecode.swift; path = "UILabel+DateExtension.swift"; sourceTree = "<group>"; };
		F539EF6323AE506E00BEEEE9 /* Videos.swift */ = {isa = PBXFileReference; lastKnownFileType = sourcecode.swift; path = Videos.swift; sourceTree = "<group>"; };
		F53B524323C3AD6C00FF5DB8 /* HomeController.swift */ = {isa = PBXFileReference; fileEncoding = 4; lastKnownFileType = sourcecode.swift; path = HomeController.swift; sourceTree = "<group>"; };
		F56748BA23A9438D00054C74 /* MovieTrailersController.swift */ = {isa = PBXFileReference; lastKnownFileType = sourcecode.swift; path = MovieTrailersController.swift; sourceTree = "<group>"; };
		F56748BC23A943CA00054C74 /* MovieTrailersCell.swift */ = {isa = PBXFileReference; lastKnownFileType = sourcecode.swift; path = MovieTrailersCell.swift; sourceTree = "<group>"; };
		F59E14B4238AE70D007422C8 /* Validator.swift */ = {isa = PBXFileReference; lastKnownFileType = sourcecode.swift; path = Validator.swift; sourceTree = "<group>"; };
		F5D9D8DB23B7C6CE0026660A /* Alerts.swift */ = {isa = PBXFileReference; lastKnownFileType = sourcecode.swift; path = Alerts.swift; sourceTree = "<group>"; };
		F5F48D6023870993004CE6BA /* MainTabBarController.swift */ = {isa = PBXFileReference; lastKnownFileType = sourcecode.swift; path = MainTabBarController.swift; sourceTree = "<group>"; };
		F5F48D63238709D9004CE6BA /* SearchController.swift */ = {isa = PBXFileReference; lastKnownFileType = sourcecode.swift; path = SearchController.swift; sourceTree = "<group>"; };
		F5F48D6623870A56004CE6BA /* ListController.swift */ = {isa = PBXFileReference; lastKnownFileType = sourcecode.swift; path = ListController.swift; sourceTree = "<group>"; };
		F5F48D6923870A96004CE6BA /* MovieCast.swift */ = {isa = PBXFileReference; fileEncoding = 4; lastKnownFileType = sourcecode.swift; path = MovieCast.swift; sourceTree = "<group>"; };
		F5F48D6A23870A96004CE6BA /* HomeModels.swift */ = {isa = PBXFileReference; fileEncoding = 4; lastKnownFileType = sourcecode.swift; path = HomeModels.swift; sourceTree = "<group>"; };
		F5F48D6B23870A96004CE6BA /* User.swift */ = {isa = PBXFileReference; fileEncoding = 4; lastKnownFileType = sourcecode.swift; path = User.swift; sourceTree = "<group>"; };
		F5F48D6C23870A97004CE6BA /* MovieModels.swift */ = {isa = PBXFileReference; fileEncoding = 4; lastKnownFileType = sourcecode.swift; path = MovieModels.swift; sourceTree = "<group>"; };
		F5F48D6D23870A97004CE6BA /* MovieReviews.swift */ = {isa = PBXFileReference; fileEncoding = 4; lastKnownFileType = sourcecode.swift; path = MovieReviews.swift; sourceTree = "<group>"; };
		F5F48D7823870AF7004CE6BA /* MovieSearchCell.swift */ = {isa = PBXFileReference; fileEncoding = 4; lastKnownFileType = sourcecode.swift; path = MovieSearchCell.swift; sourceTree = "<group>"; };
		F5F48D7A23870AFF004CE6BA /* ListCell.swift */ = {isa = PBXFileReference; fileEncoding = 4; lastKnownFileType = sourcecode.swift; path = ListCell.swift; sourceTree = "<group>"; };
		F5F48D7B23870AFF004CE6BA /* ListProfileHeaderView.swift */ = {isa = PBXFileReference; fileEncoding = 4; lastKnownFileType = sourcecode.swift; path = ListProfileHeaderView.swift; sourceTree = "<group>"; };
		F5F48D7E23870B08004CE6BA /* HomeMovieCell.swift */ = {isa = PBXFileReference; fileEncoding = 4; lastKnownFileType = sourcecode.swift; path = HomeMovieCell.swift; sourceTree = "<group>"; };
		F5F48D7F23870B08004CE6BA /* HomeControllerCell.swift */ = {isa = PBXFileReference; fileEncoding = 4; lastKnownFileType = sourcecode.swift; path = HomeControllerCell.swift; sourceTree = "<group>"; };
		F5F48D8723870B79004CE6BA /* MovieDetailsCell.swift */ = {isa = PBXFileReference; fileEncoding = 4; lastKnownFileType = sourcecode.swift; path = MovieDetailsCell.swift; sourceTree = "<group>"; };
		F5F48D8923870B80004CE6BA /* MovieDetailsCastSectionCell.swift */ = {isa = PBXFileReference; fileEncoding = 4; lastKnownFileType = sourcecode.swift; path = MovieDetailsCastSectionCell.swift; sourceTree = "<group>"; };
		F5F48D8A23870B80004CE6BA /* ActorCastCell.swift */ = {isa = PBXFileReference; fileEncoding = 4; lastKnownFileType = sourcecode.swift; path = ActorCastCell.swift; sourceTree = "<group>"; };
		F5F48D8D23870B87004CE6BA /* DetailPosterHeader.swift */ = {isa = PBXFileReference; fileEncoding = 4; lastKnownFileType = sourcecode.swift; path = DetailPosterHeader.swift; sourceTree = "<group>"; };
		F5F48D8E23870B88004CE6BA /* DetailsAddToLIstFooter.swift */ = {isa = PBXFileReference; fileEncoding = 4; lastKnownFileType = sourcecode.swift; path = DetailsAddToLIstFooter.swift; sourceTree = "<group>"; };
		F5F48D9123870B8E004CE6BA /* ReviewCell.swift */ = {isa = PBXFileReference; fileEncoding = 4; lastKnownFileType = sourcecode.swift; path = ReviewCell.swift; sourceTree = "<group>"; };
		F5F48D9223870B8E004CE6BA /* MovieDetailsReviewSectionCell.swift */ = {isa = PBXFileReference; fileEncoding = 4; lastKnownFileType = sourcecode.swift; path = MovieDetailsReviewSectionCell.swift; sourceTree = "<group>"; };
		F5F48D9323870B8F004CE6BA /* FullReviewController.swift */ = {isa = PBXFileReference; fileEncoding = 4; lastKnownFileType = sourcecode.swift; path = FullReviewController.swift; sourceTree = "<group>"; };
		F5F48D9823870BCA004CE6BA /* FirebaseService.swift */ = {isa = PBXFileReference; fileEncoding = 4; lastKnownFileType = sourcecode.swift; path = FirebaseService.swift; sourceTree = "<group>"; };
		F5F48D9923870BCA004CE6BA /* ApiService.swift */ = {isa = PBXFileReference; fileEncoding = 4; lastKnownFileType = sourcecode.swift; path = ApiService.swift; sourceTree = "<group>"; };
		F5F48D9C23870CCE004CE6BA /* GoogleService-Info.plist */ = {isa = PBXFileReference; fileEncoding = 4; lastKnownFileType = text.plist.xml; path = "GoogleService-Info.plist"; sourceTree = "<group>"; };
		F5F48D9F23870EA8004CE6BA /* MovieDetailsController.swift */ = {isa = PBXFileReference; fileEncoding = 4; lastKnownFileType = sourcecode.swift; path = MovieDetailsController.swift; sourceTree = "<group>"; };
/* End PBXFileReference section */

/* Begin PBXFrameworksBuildPhase section */
		F50DA8B5237883C30065CD2B /* Frameworks */ = {
			isa = PBXFrameworksBuildPhase;
			buildActionMask = 2147483647;
			files = (
				EDEE00A955824E0F4458AA53 /* Pods_HotelMovieApp.framework in Frameworks */,
			);
			runOnlyForDeploymentPostprocessing = 0;
		};
		F50DA8CB237883C70065CD2B /* Frameworks */ = {
			isa = PBXFrameworksBuildPhase;
			buildActionMask = 2147483647;
			files = (
				1EAC68486B0F8E93D649E72C /* Pods_HotelMovieAppTests.framework in Frameworks */,
			);
			runOnlyForDeploymentPostprocessing = 0;
		};
		F50DA8D6237883C70065CD2B /* Frameworks */ = {
			isa = PBXFrameworksBuildPhase;
			buildActionMask = 2147483647;
			files = (
				59A95EA32630FE226B6B647B /* Pods_HotelMovieApp_HotelMovieAppUITests.framework in Frameworks */,
			);
			runOnlyForDeploymentPostprocessing = 0;
		};
/* End PBXFrameworksBuildPhase section */

/* Begin PBXGroup section */
		6F3BAC8C4836CEB70EE89218 /* Frameworks */ = {
			isa = PBXGroup;
			children = (
				BEEE64F04DA1EA35486F2868 /* Pods_HotelMovieApp.framework */,
				E5AB320D00A0EFB5EAF031F4 /* Pods_HotelMovieApp_HotelMovieAppUITests.framework */,
				CB974C3411637D8E5B13D7C1 /* Pods_HotelMovieAppTests.framework */,
			);
			name = Frameworks;
			sourceTree = "<group>";
		};
		AE9AD2B301713C2C12E2700C /* Pods */ = {
			isa = PBXGroup;
			children = (
				CF1DD1FE1310A5D8DDB50645 /* Pods-HotelMovieApp.debug.xcconfig */,
				2E6358BDFE249A438B67A589 /* Pods-HotelMovieApp.release.xcconfig */,
				DB45440A84F5D05361527E69 /* Pods-HotelMovieApp-HotelMovieAppUITests.debug.xcconfig */,
				B42533EAE9208DBD4837747F /* Pods-HotelMovieApp-HotelMovieAppUITests.release.xcconfig */,
				977C2E78BA88D5D8FD232A3C /* Pods-HotelMovieAppTests.debug.xcconfig */,
				F14D6161F791F725EA071799 /* Pods-HotelMovieAppTests.release.xcconfig */,
			);
			path = Pods;
			sourceTree = "<group>";
		};
		F50DA8AF237883C30065CD2B = {
			isa = PBXGroup;
			children = (
				F50DA8BA237883C30065CD2B /* HotelMovieApp */,
				F50DA8D1237883C70065CD2B /* HotelMovieAppTests */,
				F50DA8DC237883C70065CD2B /* HotelMovieAppUITests */,
				F50DA8B9237883C30065CD2B /* Products */,
				AE9AD2B301713C2C12E2700C /* Pods */,
				6F3BAC8C4836CEB70EE89218 /* Frameworks */,
			);
			sourceTree = "<group>";
		};
		F50DA8B9237883C30065CD2B /* Products */ = {
			isa = PBXGroup;
			children = (
				F50DA8B8237883C30065CD2B /* HotelMovieApp.app */,
				F50DA8CE237883C70065CD2B /* HotelMovieAppTests.xctest */,
				F50DA8D9237883C70065CD2B /* HotelMovieAppUITests.xctest */,
			);
			name = Products;
			sourceTree = "<group>";
		};
		F50DA8BA237883C30065CD2B /* HotelMovieApp */ = {
			isa = PBXGroup;
			children = (
				F50DA8BB237883C30065CD2B /* AppDelegate.swift */,
				F50DA8BD237883C30065CD2B /* SceneDelegate.swift */,
				F5F48D6823870A81004CE6BA /* Model */,
				F5F48D7323870ABC004CE6BA /* View */,
				F50DA8EB237885960065CD2B /* Controllers */,
				F5F48D9723870BB4004CE6BA /* Service */,
				F50DA8F52378871D0065CD2B /* Helpers */,
				F50DA8C4237883C70065CD2B /* Assets.xcassets */,
				F50DA8C6237883C70065CD2B /* LaunchScreen.storyboard */,
				F50DA8C9237883C70065CD2B /* Info.plist */,
				F5F48D9C23870CCE004CE6BA /* GoogleService-Info.plist */,
			);
			path = HotelMovieApp;
			sourceTree = "<group>";
		};
		F50DA8D1237883C70065CD2B /* HotelMovieAppTests */ = {
			isa = PBXGroup;
			children = (
				F50DA8D2237883C70065CD2B /* HotelMovieAppTests.swift */,
				F50DA8D4237883C70065CD2B /* Info.plist */,
			);
			path = HotelMovieAppTests;
			sourceTree = "<group>";
		};
		F50DA8DC237883C70065CD2B /* HotelMovieAppUITests */ = {
			isa = PBXGroup;
			children = (
				F50DA8DD237883C70065CD2B /* HotelMovieAppUITests.swift */,
				F50DA8DF237883C70065CD2B /* Info.plist */,
			);
			path = HotelMovieAppUITests;
			sourceTree = "<group>";
		};
		F50DA8EB237885960065CD2B /* Controllers */ = {
			isa = PBXGroup;
			children = (
				F5F48D6023870993004CE6BA /* MainTabBarController.swift */,
				F5F48D9E23870E97004CE6BA /* Details */,
				F50DA8EE237886D50065CD2B /* Authentication */,
				F5F48D5D2387095F004CE6BA /* Home */,
				F5F48D6523870A40004CE6BA /* List  */,
				F5F48D62238709C4004CE6BA /* Search */,
			);
			path = Controllers;
			sourceTree = "<group>";
		};
		F50DA8EE237886D50065CD2B /* Authentication */ = {
			isa = PBXGroup;
			children = (
				F50DA8F1237886E90065CD2B /* LoginController.swift */,
				F50DA8EF237886E90065CD2B /* ProfileImagePickerController.swift */,
				F50DA8F0237886E90065CD2B /* SignUpController.swift */,
			);
			path = Authentication;
			sourceTree = "<group>";
		};
		F50DA8F52378871D0065CD2B /* Helpers */ = {
			isa = PBXGroup;
			children = (
				F59E14B4238AE70D007422C8 /* Validator.swift */,
				F5D9D8DB23B7C6CE0026660A /* Alerts.swift */,
				F5D9D8DE23B7D0D40026660A /* Extensions */,
			);
			path = Helpers;
			sourceTree = "<group>";
		};
		F56748B923A9437200054C74 /* Trailers */ = {
			isa = PBXGroup;
			children = (
				F56748BC23A943CA00054C74 /* MovieTrailersCell.swift */,
			);
			path = Trailers;
			sourceTree = "<group>";
		};
		F5D9D8DE23B7D0D40026660A /* Extensions */ = {
			isa = PBXGroup;
			children = (
				F50DA8F82378874E0065CD2B /* UILabel+DateExtension.swift */,
				F50DA8F62378874D0065CD2B /* Extension_LayoutAnchors.swift */,
				F50DA8F72378874D0065CD2B /* UIImage+CacheExtension.swift */,
			);
			path = Extensions;
			sourceTree = "<group>";
		};
		F5F48D5D2387095F004CE6BA /* Home */ = {
			isa = PBXGroup;
			children = (
				F53B524323C3AD6C00FF5DB8 /* HomeController.swift */,
			);
			path = Home;
			sourceTree = "<group>";
		};
		F5F48D62238709C4004CE6BA /* Search */ = {
			isa = PBXGroup;
			children = (
				F5F48D63238709D9004CE6BA /* SearchController.swift */,
			);
			path = Search;
			sourceTree = "<group>";
		};
		F5F48D6523870A40004CE6BA /* List  */ = {
			isa = PBXGroup;
			children = (
				F5F48D6623870A56004CE6BA /* ListController.swift */,
			);
			path = "List ";
			sourceTree = "<group>";
		};
		F5F48D6823870A81004CE6BA /* Model */ = {
			isa = PBXGroup;
			children = (
				F5F48D6A23870A96004CE6BA /* HomeModels.swift */,
				F5F48D6923870A96004CE6BA /* MovieCast.swift */,
				F5F48D6C23870A97004CE6BA /* MovieModels.swift */,
				F5F48D6D23870A97004CE6BA /* MovieReviews.swift */,
				F5F48D6B23870A96004CE6BA /* User.swift */,
				F539EF6323AE506E00BEEEE9 /* Videos.swift */,
			);
			path = Model;
			sourceTree = "<group>";
		};
		F5F48D7323870ABC004CE6BA /* View */ = {
			isa = PBXGroup;
			children = (
				F5F48D7723870AE9004CE6BA /* Details-Views */,
				F5F48D7623870AE1004CE6BA /* List-Views */,
				F5F48D7523870AD9004CE6BA /* Home-Views */,
				F5F48D7423870AD1004CE6BA /* Search-Views */,
			);
			path = View;
			sourceTree = "<group>";
		};
		F5F48D7423870AD1004CE6BA /* Search-Views */ = {
			isa = PBXGroup;
			children = (
				F5F48D7823870AF7004CE6BA /* MovieSearchCell.swift */,
			);
			path = "Search-Views";
			sourceTree = "<group>";
		};
		F5F48D7523870AD9004CE6BA /* Home-Views */ = {
			isa = PBXGroup;
			children = (
				F5F48D7F23870B08004CE6BA /* HomeControllerCell.swift */,
				F5F48D7E23870B08004CE6BA /* HomeMovieCell.swift */,
			);
			path = "Home-Views";
			sourceTree = "<group>";
		};
		F5F48D7623870AE1004CE6BA /* List-Views */ = {
			isa = PBXGroup;
			children = (
				F5F48D7A23870AFF004CE6BA /* ListCell.swift */,
				F5F48D7B23870AFF004CE6BA /* ListProfileHeaderView.swift */,
			);
			path = "List-Views";
			sourceTree = "<group>";
		};
		F5F48D7723870AE9004CE6BA /* Details-Views */ = {
			isa = PBXGroup;
			children = (
				F5F48D8723870B79004CE6BA /* MovieDetailsCell.swift */,
				F56748B923A9437200054C74 /* Trailers */,
				F5F48D8623870B6C004CE6BA /* Headers - Footers */,
				F5F48D8523870B63004CE6BA /* Cast */,
				F5F48D8423870B5B004CE6BA /* Reviews */,
			);
			path = "Details-Views";
			sourceTree = "<group>";
		};
		F5F48D8423870B5B004CE6BA /* Reviews */ = {
			isa = PBXGroup;
			children = (
				F5F48D9323870B8F004CE6BA /* FullReviewController.swift */,
				F5F48D9223870B8E004CE6BA /* MovieDetailsReviewSectionCell.swift */,
				F5F48D9123870B8E004CE6BA /* ReviewCell.swift */,
			);
			path = Reviews;
			sourceTree = "<group>";
		};
		F5F48D8523870B63004CE6BA /* Cast */ = {
			isa = PBXGroup;
			children = (
				F5F48D8A23870B80004CE6BA /* ActorCastCell.swift */,
				F5F48D8923870B80004CE6BA /* MovieDetailsCastSectionCell.swift */,
			);
			path = Cast;
			sourceTree = "<group>";
		};
		F5F48D8623870B6C004CE6BA /* Headers - Footers */ = {
			isa = PBXGroup;
			children = (
				F5F48D8D23870B87004CE6BA /* DetailPosterHeader.swift */,
				F5F48D8E23870B88004CE6BA /* DetailsAddToLIstFooter.swift */,
			);
			path = "Headers - Footers";
			sourceTree = "<group>";
		};
		F5F48D9723870BB4004CE6BA /* Service */ = {
			isa = PBXGroup;
			children = (
				F5F48D9923870BCA004CE6BA /* ApiService.swift */,
				F5F48D9823870BCA004CE6BA /* FirebaseService.swift */,
			);
			path = Service;
			sourceTree = "<group>";
		};
		F5F48D9E23870E97004CE6BA /* Details */ = {
			isa = PBXGroup;
			children = (
				F5F48D9F23870EA8004CE6BA /* MovieDetailsController.swift */,
				F56748BA23A9438D00054C74 /* MovieTrailersController.swift */,
			);
			path = Details;
			sourceTree = "<group>";
		};
/* End PBXGroup section */

/* Begin PBXNativeTarget section */
		F50DA8B7237883C30065CD2B /* HotelMovieApp */ = {
			isa = PBXNativeTarget;
			buildConfigurationList = F50DA8E2237883C70065CD2B /* Build configuration list for PBXNativeTarget "HotelMovieApp" */;
			buildPhases = (
				480531684A004FBA5CD69C6E /* [CP] Check Pods Manifest.lock */,
				F50DA8B4237883C30065CD2B /* Sources */,
				F50DA8B5237883C30065CD2B /* Frameworks */,
				F50DA8B6237883C30065CD2B /* Resources */,
				BE0825BC9B52915650BE69B6 /* [CP] Embed Pods Frameworks */,
			);
			buildRules = (
			);
			dependencies = (
			);
			name = HotelMovieApp;
			productName = HotelMovieApp;
			productReference = F50DA8B8237883C30065CD2B /* HotelMovieApp.app */;
			productType = "com.apple.product-type.application";
		};
		F50DA8CD237883C70065CD2B /* HotelMovieAppTests */ = {
			isa = PBXNativeTarget;
			buildConfigurationList = F50DA8E5237883C70065CD2B /* Build configuration list for PBXNativeTarget "HotelMovieAppTests" */;
			buildPhases = (
				FE461207B71C0EEED80A3F94 /* [CP] Check Pods Manifest.lock */,
				F50DA8CA237883C70065CD2B /* Sources */,
				F50DA8CB237883C70065CD2B /* Frameworks */,
				F50DA8CC237883C70065CD2B /* Resources */,
			);
			buildRules = (
			);
			dependencies = (
				F50DA8D0237883C70065CD2B /* PBXTargetDependency */,
			);
			name = HotelMovieAppTests;
			productName = HotelMovieAppTests;
			productReference = F50DA8CE237883C70065CD2B /* HotelMovieAppTests.xctest */;
			productType = "com.apple.product-type.bundle.unit-test";
		};
		F50DA8D8237883C70065CD2B /* HotelMovieAppUITests */ = {
			isa = PBXNativeTarget;
			buildConfigurationList = F50DA8E8237883C70065CD2B /* Build configuration list for PBXNativeTarget "HotelMovieAppUITests" */;
			buildPhases = (
				F24B39AE767BE3A1737F8BB4 /* [CP] Check Pods Manifest.lock */,
				F50DA8D5237883C70065CD2B /* Sources */,
				F50DA8D6237883C70065CD2B /* Frameworks */,
				F50DA8D7237883C70065CD2B /* Resources */,
				D1E1ACE59087CFCA3ECFD08D /* [CP] Embed Pods Frameworks */,
			);
			buildRules = (
			);
			dependencies = (
				F50DA8DB237883C70065CD2B /* PBXTargetDependency */,
			);
			name = HotelMovieAppUITests;
			productName = HotelMovieAppUITests;
			productReference = F50DA8D9237883C70065CD2B /* HotelMovieAppUITests.xctest */;
			productType = "com.apple.product-type.bundle.ui-testing";
		};
/* End PBXNativeTarget section */

/* Begin PBXProject section */
		F50DA8B0237883C30065CD2B /* Project object */ = {
			isa = PBXProject;
			attributes = {
				LastSwiftUpdateCheck = 1110;
				LastUpgradeCheck = 1110;
				ORGANIZATIONNAME = "Andrew Demenagas";
				TargetAttributes = {
					F50DA8B7237883C30065CD2B = {
						CreatedOnToolsVersion = 11.1;
					};
					F50DA8CD237883C70065CD2B = {
						CreatedOnToolsVersion = 11.1;
						TestTargetID = F50DA8B7237883C30065CD2B;
					};
					F50DA8D8237883C70065CD2B = {
						CreatedOnToolsVersion = 11.1;
						TestTargetID = F50DA8B7237883C30065CD2B;
					};
				};
			};
			buildConfigurationList = F50DA8B3237883C30065CD2B /* Build configuration list for PBXProject "HotelMovieApp" */;
			compatibilityVersion = "Xcode 9.3";
			developmentRegion = en;
			hasScannedForEncodings = 0;
			knownRegions = (
				en,
				Base,
			);
			mainGroup = F50DA8AF237883C30065CD2B;
			productRefGroup = F50DA8B9237883C30065CD2B /* Products */;
			projectDirPath = "";
			projectRoot = "";
			targets = (
				F50DA8B7237883C30065CD2B /* HotelMovieApp */,
				F50DA8CD237883C70065CD2B /* HotelMovieAppTests */,
				F50DA8D8237883C70065CD2B /* HotelMovieAppUITests */,
			);
		};
/* End PBXProject section */

/* Begin PBXResourcesBuildPhase section */
		F50DA8B6237883C30065CD2B /* Resources */ = {
			isa = PBXResourcesBuildPhase;
			buildActionMask = 2147483647;
			files = (
				F50DA8C8237883C70065CD2B /* LaunchScreen.storyboard in Resources */,
				F50DA8C5237883C70065CD2B /* Assets.xcassets in Resources */,
				F5F48D9D23870CCE004CE6BA /* GoogleService-Info.plist in Resources */,
			);
			runOnlyForDeploymentPostprocessing = 0;
		};
		F50DA8CC237883C70065CD2B /* Resources */ = {
			isa = PBXResourcesBuildPhase;
			buildActionMask = 2147483647;
			files = (
			);
			runOnlyForDeploymentPostprocessing = 0;
		};
		F50DA8D7237883C70065CD2B /* Resources */ = {
			isa = PBXResourcesBuildPhase;
			buildActionMask = 2147483647;
			files = (
			);
			runOnlyForDeploymentPostprocessing = 0;
		};
/* End PBXResourcesBuildPhase section */

/* Begin PBXShellScriptBuildPhase section */
		480531684A004FBA5CD69C6E /* [CP] Check Pods Manifest.lock */ = {
			isa = PBXShellScriptBuildPhase;
			buildActionMask = 2147483647;
			files = (
			);
			inputFileListPaths = (
			);
			inputPaths = (
				"${PODS_PODFILE_DIR_PATH}/Podfile.lock",
				"${PODS_ROOT}/Manifest.lock",
			);
			name = "[CP] Check Pods Manifest.lock";
			outputFileListPaths = (
			);
			outputPaths = (
				"$(DERIVED_FILE_DIR)/Pods-HotelMovieApp-checkManifestLockResult.txt",
			);
			runOnlyForDeploymentPostprocessing = 0;
			shellPath = /bin/sh;
			shellScript = "diff \"${PODS_PODFILE_DIR_PATH}/Podfile.lock\" \"${PODS_ROOT}/Manifest.lock\" > /dev/null\nif [ $? != 0 ] ; then\n    # print error to STDERR\n    echo \"error: The sandbox is not in sync with the Podfile.lock. Run 'pod install' or update your CocoaPods installation.\" >&2\n    exit 1\nfi\n# This output is used by Xcode 'outputs' to avoid re-running this script phase.\necho \"SUCCESS\" > \"${SCRIPT_OUTPUT_FILE_0}\"\n";
			showEnvVarsInLog = 0;
		};
		BE0825BC9B52915650BE69B6 /* [CP] Embed Pods Frameworks */ = {
			isa = PBXShellScriptBuildPhase;
			buildActionMask = 2147483647;
			files = (
			);
			inputFileListPaths = (
				"${PODS_ROOT}/Target Support Files/Pods-HotelMovieApp/Pods-HotelMovieApp-frameworks-${CONFIGURATION}-input-files.xcfilelist",
			);
			name = "[CP] Embed Pods Frameworks";
			outputFileListPaths = (
				"${PODS_ROOT}/Target Support Files/Pods-HotelMovieApp/Pods-HotelMovieApp-frameworks-${CONFIGURATION}-output-files.xcfilelist",
			);
			runOnlyForDeploymentPostprocessing = 0;
			shellPath = /bin/sh;
			shellScript = "\"${PODS_ROOT}/Target Support Files/Pods-HotelMovieApp/Pods-HotelMovieApp-frameworks.sh\"\n";
			showEnvVarsInLog = 0;
		};
		D1E1ACE59087CFCA3ECFD08D /* [CP] Embed Pods Frameworks */ = {
			isa = PBXShellScriptBuildPhase;
			buildActionMask = 2147483647;
			files = (
			);
			inputFileListPaths = (
				"${PODS_ROOT}/Target Support Files/Pods-HotelMovieApp-HotelMovieAppUITests/Pods-HotelMovieApp-HotelMovieAppUITests-frameworks-${CONFIGURATION}-input-files.xcfilelist",
			);
			name = "[CP] Embed Pods Frameworks";
			outputFileListPaths = (
				"${PODS_ROOT}/Target Support Files/Pods-HotelMovieApp-HotelMovieAppUITests/Pods-HotelMovieApp-HotelMovieAppUITests-frameworks-${CONFIGURATION}-output-files.xcfilelist",
			);
			runOnlyForDeploymentPostprocessing = 0;
			shellPath = /bin/sh;
			shellScript = "\"${PODS_ROOT}/Target Support Files/Pods-HotelMovieApp-HotelMovieAppUITests/Pods-HotelMovieApp-HotelMovieAppUITests-frameworks.sh\"\n";
			showEnvVarsInLog = 0;
		};
		F24B39AE767BE3A1737F8BB4 /* [CP] Check Pods Manifest.lock */ = {
			isa = PBXShellScriptBuildPhase;
			buildActionMask = 2147483647;
			files = (
			);
			inputFileListPaths = (
			);
			inputPaths = (
				"${PODS_PODFILE_DIR_PATH}/Podfile.lock",
				"${PODS_ROOT}/Manifest.lock",
			);
			name = "[CP] Check Pods Manifest.lock";
			outputFileListPaths = (
			);
			outputPaths = (
				"$(DERIVED_FILE_DIR)/Pods-HotelMovieApp-HotelMovieAppUITests-checkManifestLockResult.txt",
			);
			runOnlyForDeploymentPostprocessing = 0;
			shellPath = /bin/sh;
			shellScript = "diff \"${PODS_PODFILE_DIR_PATH}/Podfile.lock\" \"${PODS_ROOT}/Manifest.lock\" > /dev/null\nif [ $? != 0 ] ; then\n    # print error to STDERR\n    echo \"error: The sandbox is not in sync with the Podfile.lock. Run 'pod install' or update your CocoaPods installation.\" >&2\n    exit 1\nfi\n# This output is used by Xcode 'outputs' to avoid re-running this script phase.\necho \"SUCCESS\" > \"${SCRIPT_OUTPUT_FILE_0}\"\n";
			showEnvVarsInLog = 0;
		};
		FE461207B71C0EEED80A3F94 /* [CP] Check Pods Manifest.lock */ = {
			isa = PBXShellScriptBuildPhase;
			buildActionMask = 2147483647;
			files = (
			);
			inputFileListPaths = (
			);
			inputPaths = (
				"${PODS_PODFILE_DIR_PATH}/Podfile.lock",
				"${PODS_ROOT}/Manifest.lock",
			);
			name = "[CP] Check Pods Manifest.lock";
			outputFileListPaths = (
			);
			outputPaths = (
				"$(DERIVED_FILE_DIR)/Pods-HotelMovieAppTests-checkManifestLockResult.txt",
			);
			runOnlyForDeploymentPostprocessing = 0;
			shellPath = /bin/sh;
			shellScript = "diff \"${PODS_PODFILE_DIR_PATH}/Podfile.lock\" \"${PODS_ROOT}/Manifest.lock\" > /dev/null\nif [ $? != 0 ] ; then\n    # print error to STDERR\n    echo \"error: The sandbox is not in sync with the Podfile.lock. Run 'pod install' or update your CocoaPods installation.\" >&2\n    exit 1\nfi\n# This output is used by Xcode 'outputs' to avoid re-running this script phase.\necho \"SUCCESS\" > \"${SCRIPT_OUTPUT_FILE_0}\"\n";
			showEnvVarsInLog = 0;
		};
/* End PBXShellScriptBuildPhase section */

/* Begin PBXSourcesBuildPhase section */
		F50DA8B4237883C30065CD2B /* Sources */ = {
			isa = PBXSourcesBuildPhase;
			buildActionMask = 2147483647;
			files = (
				F5F48D7923870AF7004CE6BA /* MovieSearchCell.swift in Sources */,
				F5F48D7123870A97004CE6BA /* MovieModels.swift in Sources */,
				F50DA8F3237886E90065CD2B /* SignUpController.swift in Sources */,
				F5F48D6E23870A97004CE6BA /* MovieCast.swift in Sources */,
				F5F48D7C23870AFF004CE6BA /* ListCell.swift in Sources */,
				F5F48D7223870A97004CE6BA /* MovieReviews.swift in Sources */,
				F50DA8F4237886E90065CD2B /* LoginController.swift in Sources */,
				F5F48D8823870B7A004CE6BA /* MovieDetailsCell.swift in Sources */,
				F5F48D9023870B88004CE6BA /* DetailsAddToLIstFooter.swift in Sources */,
				F50DA8F92378874E0065CD2B /* Extension_LayoutAnchors.swift in Sources */,
				F5F48D6123870993004CE6BA /* MainTabBarController.swift in Sources */,
				F5F48D8C23870B80004CE6BA /* ActorCastCell.swift in Sources */,
				F59E14B5238AE70D007422C8 /* Validator.swift in Sources */,
				F50DA8FA2378874E0065CD2B /* UIImage+CacheExtension.swift in Sources */,
				F5F48D9423870B8F004CE6BA /* ReviewCell.swift in Sources */,
				F5F48DA023870EA8004CE6BA /* MovieDetailsController.swift in Sources */,
				F5F48D8023870B08004CE6BA /* HomeMovieCell.swift in Sources */,
				F5F48D6F23870A97004CE6BA /* HomeModels.swift in Sources */,
				F56748BB23A9438E00054C74 /* MovieTrailersController.swift in Sources */,
				F5F48D9A23870BCA004CE6BA /* FirebaseService.swift in Sources */,
				F5D9D8DC23B7C6CE0026660A /* Alerts.swift in Sources */,
				F56748BD23A943CA00054C74 /* MovieTrailersCell.swift in Sources */,
				F5F48D8123870B08004CE6BA /* HomeControllerCell.swift in Sources */,
				F50DA8FB2378874E0065CD2B /* UILabel+DateExtension.swift in Sources */,
				F5F48D7023870A97004CE6BA /* User.swift in Sources */,
				F50DA8BC237883C30065CD2B /* AppDelegate.swift in Sources */,
				F5F48D64238709D9004CE6BA /* SearchController.swift in Sources */,
				F5F48D9B23870BCA004CE6BA /* ApiService.swift in Sources */,
				F50DA8BE237883C30065CD2B /* SceneDelegate.swift in Sources */,
				F5F48D8F23870B88004CE6BA /* DetailPosterHeader.swift in Sources */,
				F50DA8F2237886E90065CD2B /* ProfileImagePickerController.swift in Sources */,
				F5F48D6723870A56004CE6BA /* ListController.swift in Sources */,
				F5F48D9623870B8F004CE6BA /* FullReviewController.swift in Sources */,
				F539EF6423AE506F00BEEEE9 /* Videos.swift in Sources */,
				F5F48D8B23870B80004CE6BA /* MovieDetailsCastSectionCell.swift in Sources */,
				F5F48D7D23870AFF004CE6BA /* ListProfileHeaderView.swift in Sources */,
				F53B524423C3AD6D00FF5DB8 /* HomeController.swift in Sources */,
				F5F48D9523870B8F004CE6BA /* MovieDetailsReviewSectionCell.swift in Sources */,
			);
			runOnlyForDeploymentPostprocessing = 0;
		};
		F50DA8CA237883C70065CD2B /* Sources */ = {
			isa = PBXSourcesBuildPhase;
			buildActionMask = 2147483647;
			files = (
				F50DA8D3237883C70065CD2B /* HotelMovieAppTests.swift in Sources */,
			);
			runOnlyForDeploymentPostprocessing = 0;
		};
		F50DA8D5237883C70065CD2B /* Sources */ = {
			isa = PBXSourcesBuildPhase;
			buildActionMask = 2147483647;
			files = (
				F50DA8DE237883C70065CD2B /* HotelMovieAppUITests.swift in Sources */,
			);
			runOnlyForDeploymentPostprocessing = 0;
		};
/* End PBXSourcesBuildPhase section */

/* Begin PBXTargetDependency section */
		F50DA8D0237883C70065CD2B /* PBXTargetDependency */ = {
			isa = PBXTargetDependency;
			target = F50DA8B7237883C30065CD2B /* HotelMovieApp */;
			targetProxy = F50DA8CF237883C70065CD2B /* PBXContainerItemProxy */;
		};
		F50DA8DB237883C70065CD2B /* PBXTargetDependency */ = {
			isa = PBXTargetDependency;
			target = F50DA8B7237883C30065CD2B /* HotelMovieApp */;
			targetProxy = F50DA8DA237883C70065CD2B /* PBXContainerItemProxy */;
		};
/* End PBXTargetDependency section */

/* Begin PBXVariantGroup section */
		F50DA8C6237883C70065CD2B /* LaunchScreen.storyboard */ = {
			isa = PBXVariantGroup;
			children = (
				F50DA8C7237883C70065CD2B /* Base */,
			);
			name = LaunchScreen.storyboard;
			sourceTree = "<group>";
		};
/* End PBXVariantGroup section */

/* Begin XCBuildConfiguration section */
		F50DA8E0237883C70065CD2B /* Debug */ = {
			isa = XCBuildConfiguration;
			buildSettings = {
				ALWAYS_SEARCH_USER_PATHS = NO;
				CLANG_ANALYZER_NONNULL = YES;
				CLANG_ANALYZER_NUMBER_OBJECT_CONVERSION = YES_AGGRESSIVE;
				CLANG_CXX_LANGUAGE_STANDARD = "gnu++14";
				CLANG_CXX_LIBRARY = "libc++";
				CLANG_ENABLE_MODULES = YES;
				CLANG_ENABLE_OBJC_ARC = YES;
				CLANG_ENABLE_OBJC_WEAK = YES;
				CLANG_WARN_BLOCK_CAPTURE_AUTORELEASING = YES;
				CLANG_WARN_BOOL_CONVERSION = YES;
				CLANG_WARN_COMMA = YES;
				CLANG_WARN_CONSTANT_CONVERSION = YES;
				CLANG_WARN_DEPRECATED_OBJC_IMPLEMENTATIONS = YES;
				CLANG_WARN_DIRECT_OBJC_ISA_USAGE = YES_ERROR;
				CLANG_WARN_DOCUMENTATION_COMMENTS = YES;
				CLANG_WARN_EMPTY_BODY = YES;
				CLANG_WARN_ENUM_CONVERSION = YES;
				CLANG_WARN_INFINITE_RECURSION = YES;
				CLANG_WARN_INT_CONVERSION = YES;
				CLANG_WARN_NON_LITERAL_NULL_CONVERSION = YES;
				CLANG_WARN_OBJC_IMPLICIT_RETAIN_SELF = YES;
				CLANG_WARN_OBJC_LITERAL_CONVERSION = YES;
				CLANG_WARN_OBJC_ROOT_CLASS = YES_ERROR;
				CLANG_WARN_RANGE_LOOP_ANALYSIS = YES;
				CLANG_WARN_STRICT_PROTOTYPES = YES;
				CLANG_WARN_SUSPICIOUS_MOVE = YES;
				CLANG_WARN_UNGUARDED_AVAILABILITY = YES_AGGRESSIVE;
				CLANG_WARN_UNREACHABLE_CODE = YES;
				CLANG_WARN__DUPLICATE_METHOD_MATCH = YES;
				COPY_PHASE_STRIP = NO;
				DEBUG_INFORMATION_FORMAT = dwarf;
				ENABLE_STRICT_OBJC_MSGSEND = YES;
				ENABLE_TESTABILITY = YES;
				GCC_C_LANGUAGE_STANDARD = gnu11;
				GCC_DYNAMIC_NO_PIC = NO;
				GCC_NO_COMMON_BLOCKS = YES;
				GCC_OPTIMIZATION_LEVEL = 0;
				GCC_PREPROCESSOR_DEFINITIONS = (
					"DEBUG=1",
					"$(inherited)",
				);
				GCC_WARN_64_TO_32_BIT_CONVERSION = YES;
				GCC_WARN_ABOUT_RETURN_TYPE = YES_ERROR;
				GCC_WARN_UNDECLARED_SELECTOR = YES;
				GCC_WARN_UNINITIALIZED_AUTOS = YES_AGGRESSIVE;
				GCC_WARN_UNUSED_FUNCTION = YES;
				GCC_WARN_UNUSED_VARIABLE = YES;
				IPHONEOS_DEPLOYMENT_TARGET = 13.1;
				MTL_ENABLE_DEBUG_INFO = INCLUDE_SOURCE;
				MTL_FAST_MATH = YES;
				ONLY_ACTIVE_ARCH = YES;
				SDKROOT = iphoneos;
				SWIFT_ACTIVE_COMPILATION_CONDITIONS = DEBUG;
				SWIFT_OPTIMIZATION_LEVEL = "-Onone";
			};
			name = Debug;
		};
		F50DA8E1237883C70065CD2B /* Release */ = {
			isa = XCBuildConfiguration;
			buildSettings = {
				ALWAYS_SEARCH_USER_PATHS = NO;
				CLANG_ANALYZER_NONNULL = YES;
				CLANG_ANALYZER_NUMBER_OBJECT_CONVERSION = YES_AGGRESSIVE;
				CLANG_CXX_LANGUAGE_STANDARD = "gnu++14";
				CLANG_CXX_LIBRARY = "libc++";
				CLANG_ENABLE_MODULES = YES;
				CLANG_ENABLE_OBJC_ARC = YES;
				CLANG_ENABLE_OBJC_WEAK = YES;
				CLANG_WARN_BLOCK_CAPTURE_AUTORELEASING = YES;
				CLANG_WARN_BOOL_CONVERSION = YES;
				CLANG_WARN_COMMA = YES;
				CLANG_WARN_CONSTANT_CONVERSION = YES;
				CLANG_WARN_DEPRECATED_OBJC_IMPLEMENTATIONS = YES;
				CLANG_WARN_DIRECT_OBJC_ISA_USAGE = YES_ERROR;
				CLANG_WARN_DOCUMENTATION_COMMENTS = YES;
				CLANG_WARN_EMPTY_BODY = YES;
				CLANG_WARN_ENUM_CONVERSION = YES;
				CLANG_WARN_INFINITE_RECURSION = YES;
				CLANG_WARN_INT_CONVERSION = YES;
				CLANG_WARN_NON_LITERAL_NULL_CONVERSION = YES;
				CLANG_WARN_OBJC_IMPLICIT_RETAIN_SELF = YES;
				CLANG_WARN_OBJC_LITERAL_CONVERSION = YES;
				CLANG_WARN_OBJC_ROOT_CLASS = YES_ERROR;
				CLANG_WARN_RANGE_LOOP_ANALYSIS = YES;
				CLANG_WARN_STRICT_PROTOTYPES = YES;
				CLANG_WARN_SUSPICIOUS_MOVE = YES;
				CLANG_WARN_UNGUARDED_AVAILABILITY = YES_AGGRESSIVE;
				CLANG_WARN_UNREACHABLE_CODE = YES;
				CLANG_WARN__DUPLICATE_METHOD_MATCH = YES;
				COPY_PHASE_STRIP = NO;
				DEBUG_INFORMATION_FORMAT = "dwarf-with-dsym";
				ENABLE_NS_ASSERTIONS = NO;
				ENABLE_STRICT_OBJC_MSGSEND = YES;
				GCC_C_LANGUAGE_STANDARD = gnu11;
				GCC_NO_COMMON_BLOCKS = YES;
				GCC_WARN_64_TO_32_BIT_CONVERSION = YES;
				GCC_WARN_ABOUT_RETURN_TYPE = YES_ERROR;
				GCC_WARN_UNDECLARED_SELECTOR = YES;
				GCC_WARN_UNINITIALIZED_AUTOS = YES_AGGRESSIVE;
				GCC_WARN_UNUSED_FUNCTION = YES;
				GCC_WARN_UNUSED_VARIABLE = YES;
				IPHONEOS_DEPLOYMENT_TARGET = 13.1;
				MTL_ENABLE_DEBUG_INFO = NO;
				MTL_FAST_MATH = YES;
				SDKROOT = iphoneos;
				SWIFT_COMPILATION_MODE = wholemodule;
				SWIFT_OPTIMIZATION_LEVEL = "-O";
				VALIDATE_PRODUCT = YES;
			};
			name = Release;
		};
		F50DA8E3237883C70065CD2B /* Debug */ = {
			isa = XCBuildConfiguration;
			baseConfigurationReference = CF1DD1FE1310A5D8DDB50645 /* Pods-HotelMovieApp.debug.xcconfig */;
			buildSettings = {
				ASSETCATALOG_COMPILER_APPICON_NAME = AppIcon;
				CODE_SIGN_STYLE = Automatic;
				DEVELOPMENT_TEAM = HACZ6L5C84;
				INFOPLIST_FILE = HotelMovieApp/Info.plist;
				LD_RUNPATH_SEARCH_PATHS = (
					"$(inherited)",
					"@executable_path/Frameworks",
				);
				PRODUCT_BUNDLE_IDENTIFIER = AndrewDemenagas.HotelMovieApp;
				PRODUCT_NAME = "$(TARGET_NAME)";
				SWIFT_VERSION = 5.0;
				TARGETED_DEVICE_FAMILY = "1,2";
			};
			name = Debug;
		};
		F50DA8E4237883C70065CD2B /* Release */ = {
			isa = XCBuildConfiguration;
			baseConfigurationReference = 2E6358BDFE249A438B67A589 /* Pods-HotelMovieApp.release.xcconfig */;
			buildSettings = {
				ASSETCATALOG_COMPILER_APPICON_NAME = AppIcon;
				CODE_SIGN_STYLE = Automatic;
				DEVELOPMENT_TEAM = HACZ6L5C84;
				INFOPLIST_FILE = HotelMovieApp/Info.plist;
				LD_RUNPATH_SEARCH_PATHS = (
					"$(inherited)",
					"@executable_path/Frameworks",
				);
				PRODUCT_BUNDLE_IDENTIFIER = AndrewDemenagas.HotelMovieApp;
				PRODUCT_NAME = "$(TARGET_NAME)";
				SWIFT_VERSION = 5.0;
				TARGETED_DEVICE_FAMILY = "1,2";
			};
			name = Release;
		};
		F50DA8E6237883C70065CD2B /* Debug */ = {
			isa = XCBuildConfiguration;
			baseConfigurationReference = 977C2E78BA88D5D8FD232A3C /* Pods-HotelMovieAppTests.debug.xcconfig */;
			buildSettings = {
				ALWAYS_EMBED_SWIFT_STANDARD_LIBRARIES = YES;
				BUNDLE_LOADER = "$(TEST_HOST)";
				CODE_SIGN_STYLE = Automatic;
				DEVELOPMENT_TEAM = HACZ6L5C84;
				INFOPLIST_FILE = HotelMovieAppTests/Info.plist;
				IPHONEOS_DEPLOYMENT_TARGET = 13.1;
				LD_RUNPATH_SEARCH_PATHS = (
					"$(inherited)",
					"@executable_path/Frameworks",
					"@loader_path/Frameworks",
				);
				PRODUCT_BUNDLE_IDENTIFIER = AndrewDemenagas.HotelMovieAppTests;
				PRODUCT_NAME = "$(TARGET_NAME)";
				SWIFT_VERSION = 5.0;
				TARGETED_DEVICE_FAMILY = "1,2";
				TEST_HOST = "$(BUILT_PRODUCTS_DIR)/HotelMovieApp.app/HotelMovieApp";
			};
			name = Debug;
		};
		F50DA8E7237883C70065CD2B /* Release */ = {
			isa = XCBuildConfiguration;
			baseConfigurationReference = F14D6161F791F725EA071799 /* Pods-HotelMovieAppTests.release.xcconfig */;
			buildSettings = {
				ALWAYS_EMBED_SWIFT_STANDARD_LIBRARIES = YES;
				BUNDLE_LOADER = "$(TEST_HOST)";
				CODE_SIGN_STYLE = Automatic;
				DEVELOPMENT_TEAM = HACZ6L5C84;
				INFOPLIST_FILE = HotelMovieAppTests/Info.plist;
				IPHONEOS_DEPLOYMENT_TARGET = 13.1;
				LD_RUNPATH_SEARCH_PATHS = (
					"$(inherited)",
					"@executable_path/Frameworks",
					"@loader_path/Frameworks",
				);
				PRODUCT_BUNDLE_IDENTIFIER = AndrewDemenagas.HotelMovieAppTests;
				PRODUCT_NAME = "$(TARGET_NAME)";
				SWIFT_VERSION = 5.0;
				TARGETED_DEVICE_FAMILY = "1,2";
				TEST_HOST = "$(BUILT_PRODUCTS_DIR)/HotelMovieApp.app/HotelMovieApp";
			};
			name = Release;
		};
		F50DA8E9237883C70065CD2B /* Debug */ = {
			isa = XCBuildConfiguration;
			baseConfigurationReference = DB45440A84F5D05361527E69 /* Pods-HotelMovieApp-HotelMovieAppUITests.debug.xcconfig */;
			buildSettings = {
				ALWAYS_EMBED_SWIFT_STANDARD_LIBRARIES = YES;
				CODE_SIGN_STYLE = Automatic;
				DEVELOPMENT_TEAM = HACZ6L5C84;
				INFOPLIST_FILE = HotelMovieAppUITests/Info.plist;
				LD_RUNPATH_SEARCH_PATHS = (
					"$(inherited)",
					"@executable_path/Frameworks",
					"@loader_path/Frameworks",
				);
				PRODUCT_BUNDLE_IDENTIFIER = AndrewDemenagas.HotelMovieAppUITests;
				PRODUCT_NAME = "$(TARGET_NAME)";
				SWIFT_VERSION = 5.0;
				TARGETED_DEVICE_FAMILY = "1,2";
				TEST_TARGET_NAME = HotelMovieApp;
			};
			name = Debug;
		};
		F50DA8EA237883C70065CD2B /* Release */ = {
			isa = XCBuildConfiguration;
			baseConfigurationReference = B42533EAE9208DBD4837747F /* Pods-HotelMovieApp-HotelMovieAppUITests.release.xcconfig */;
			buildSettings = {
				ALWAYS_EMBED_SWIFT_STANDARD_LIBRARIES = YES;
				CODE_SIGN_STYLE = Automatic;
				DEVELOPMENT_TEAM = HACZ6L5C84;
				INFOPLIST_FILE = HotelMovieAppUITests/Info.plist;
				LD_RUNPATH_SEARCH_PATHS = (
					"$(inherited)",
					"@executable_path/Frameworks",
					"@loader_path/Frameworks",
				);
				PRODUCT_BUNDLE_IDENTIFIER = AndrewDemenagas.HotelMovieAppUITests;
				PRODUCT_NAME = "$(TARGET_NAME)";
				SWIFT_VERSION = 5.0;
				TARGETED_DEVICE_FAMILY = "1,2";
				TEST_TARGET_NAME = HotelMovieApp;
			};
			name = Release;
		};
/* End XCBuildConfiguration section */

/* Begin XCConfigurationList section */
		F50DA8B3237883C30065CD2B /* Build configuration list for PBXProject "HotelMovieApp" */ = {
			isa = XCConfigurationList;
			buildConfigurations = (
				F50DA8E0237883C70065CD2B /* Debug */,
				F50DA8E1237883C70065CD2B /* Release */,
			);
			defaultConfigurationIsVisible = 0;
			defaultConfigurationName = Release;
		};
		F50DA8E2237883C70065CD2B /* Build configuration list for PBXNativeTarget "HotelMovieApp" */ = {
			isa = XCConfigurationList;
			buildConfigurations = (
				F50DA8E3237883C70065CD2B /* Debug */,
				F50DA8E4237883C70065CD2B /* Release */,
			);
			defaultConfigurationIsVisible = 0;
			defaultConfigurationName = Release;
		};
		F50DA8E5237883C70065CD2B /* Build configuration list for PBXNativeTarget "HotelMovieAppTests" */ = {
			isa = XCConfigurationList;
			buildConfigurations = (
				F50DA8E6237883C70065CD2B /* Debug */,
				F50DA8E7237883C70065CD2B /* Release */,
			);
			defaultConfigurationIsVisible = 0;
			defaultConfigurationName = Release;
		};
		F50DA8E8237883C70065CD2B /* Build configuration list for PBXNativeTarget "HotelMovieAppUITests" */ = {
			isa = XCConfigurationList;
			buildConfigurations = (
				F50DA8E9237883C70065CD2B /* Debug */,
				F50DA8EA237883C70065CD2B /* Release */,
			);
			defaultConfigurationIsVisible = 0;
			defaultConfigurationName = Release;
		};
/* End XCConfigurationList section */
	};
	rootObject = F50DA8B0237883C30065CD2B /* Project object */;
}
