// !$*UTF8*$!
{
	archiveVersion = 1;
	classes = {
	};
	objectVersion = 51;
	objects = {

/* Begin PBXBuildFile section */
		1EAC68486B0F8E93D649E72C /* Pods_HotelMovieAppTests.framework in Frameworks */ = {isa = PBXBuildFile; fileRef = CB974C3411637D8E5B13D7C1 /* Pods_HotelMovieAppTests.framework */; };
		59A95EA32630FE226B6B647B /* Pods_HotelMovieApp_HotelMovieAppUITests.framework in Frameworks */ = {isa = PBXBuildFile; fileRef = E5AB320D00A0EFB5EAF031F4 /* Pods_HotelMovieApp_HotelMovieAppUITests.framework */; };
		EDEE00A955824E0F4458AA53 /* Pods_HotelMovieApp.framework in Frameworks */ = {isa = PBXBuildFile; fileRef = BEEE64F04DA1EA35486F2868 /* Pods_HotelMovieApp.framework */; };
		F5001F6A246C247100EBE219 /* HomeRowSectionCell.swift in Sources */ = {isa = PBXBuildFile; fileRef = F5001F69246C247100EBE219 /* HomeRowSectionCell.swift */; };
		F5001F6C246C262800EBE219 /* HomeMoviesController.swift in Sources */ = {isa = PBXBuildFile; fileRef = F5001F6B246C262800EBE219 /* HomeMoviesController.swift */; };
		F5001F6F246C26EE00EBE219 /* HomeMovieCell.swift in Sources */ = {isa = PBXBuildFile; fileRef = F5001F6E246C26EE00EBE219 /* HomeMovieCell.swift */; };
		F5001F71246C2AF100EBE219 /* HomeSectionModels.swift in Sources */ = {isa = PBXBuildFile; fileRef = F5001F70246C2AF100EBE219 /* HomeSectionModels.swift */; };
		F5001F73246C306B00EBE219 /* HomeProtocols.swift in Sources */ = {isa = PBXBuildFile; fileRef = F5001F72246C306B00EBE219 /* HomeProtocols.swift */; };
		F50556042466E3A80043C1F9 /* DetailsProtocols.swift in Sources */ = {isa = PBXBuildFile; fileRef = F50556032466E3A80043C1F9 /* DetailsProtocols.swift */; };
		F50556082466E5E10043C1F9 /* DetailsInformationCell.swift in Sources */ = {isa = PBXBuildFile; fileRef = F50556072466E5E10043C1F9 /* DetailsInformationCell.swift */; };
		F50DA8BC237883C30065CD2B /* AppDelegate.swift in Sources */ = {isa = PBXBuildFile; fileRef = F50DA8BB237883C30065CD2B /* AppDelegate.swift */; };
		F50DA8BE237883C30065CD2B /* SceneDelegate.swift in Sources */ = {isa = PBXBuildFile; fileRef = F50DA8BD237883C30065CD2B /* SceneDelegate.swift */; };
		F50DA8C5237883C70065CD2B /* Assets.xcassets in Resources */ = {isa = PBXBuildFile; fileRef = F50DA8C4237883C70065CD2B /* Assets.xcassets */; };
		F50DA8C8237883C70065CD2B /* LaunchScreen.storyboard in Resources */ = {isa = PBXBuildFile; fileRef = F50DA8C6237883C70065CD2B /* LaunchScreen.storyboard */; };
		F50DA8D3237883C70065CD2B /* HotelMovieAppTests.swift in Sources */ = {isa = PBXBuildFile; fileRef = F50DA8D2237883C70065CD2B /* HotelMovieAppTests.swift */; };
		F50DA8DE237883C70065CD2B /* HotelMovieAppUITests.swift in Sources */ = {isa = PBXBuildFile; fileRef = F50DA8DD237883C70065CD2B /* HotelMovieAppUITests.swift */; };
		F51D71152469793F00D27C81 /* DetailsCastSectionCell.swift in Sources */ = {isa = PBXBuildFile; fileRef = F51D71142469793F00D27C81 /* DetailsCastSectionCell.swift */; };
		F51D711724697B7A00D27C81 /* CastController.swift in Sources */ = {isa = PBXBuildFile; fileRef = F51D711624697B7A00D27C81 /* CastController.swift */; };
		F51D711924697ED800D27C81 /* CastMemberCell.swift in Sources */ = {isa = PBXBuildFile; fileRef = F51D711824697ED800D27C81 /* CastMemberCell.swift */; };
		F51D711C246983AD00D27C81 /* CastModels.swift in Sources */ = {isa = PBXBuildFile; fileRef = F51D711B246983AD00D27C81 /* CastModels.swift */; };
		F5469CA524602FFB00194D3D /* MainTabBarController.swift in Sources */ = {isa = PBXBuildFile; fileRef = F5469CA424602FFB00194D3D /* MainTabBarController.swift */; };
		F5469CA82460328D00194D3D /* HomeController.swift in Sources */ = {isa = PBXBuildFile; fileRef = F5469CA72460328D00194D3D /* HomeController.swift */; };
		F5469CAA246034BE00194D3D /* AuthProtocols.swift in Sources */ = {isa = PBXBuildFile; fileRef = F5469CA9246034BE00194D3D /* AuthProtocols.swift */; };
		F5469CAC24604B8500194D3D /* FirebaseService.swift in Sources */ = {isa = PBXBuildFile; fileRef = F5469CAB24604B8500194D3D /* FirebaseService.swift */; };
		F559F7862462D31600E8F5C7 /* APIService.swift in Sources */ = {isa = PBXBuildFile; fileRef = F559F7852462D31600E8F5C7 /* APIService.swift */; };
		F559F7892462D33400E8F5C7 /* SearchController.swift in Sources */ = {isa = PBXBuildFile; fileRef = F559F7882462D33400E8F5C7 /* SearchController.swift */; };
		F559F78C2462D64000E8F5C7 /* SearchModels.swift in Sources */ = {isa = PBXBuildFile; fileRef = F559F78B2462D64000E8F5C7 /* SearchModels.swift */; };
		F559F78E2462D6D400E8F5C7 /* SearchCell.swift in Sources */ = {isa = PBXBuildFile; fileRef = F559F78D2462D6D400E8F5C7 /* SearchCell.swift */; };
		F559F7922462E44C00E8F5C7 /* UIImage+Cache.swift in Sources */ = {isa = PBXBuildFile; fileRef = F559F7912462E44C00E8F5C7 /* UIImage+Cache.swift */; };
		F559F7942462E48000E8F5C7 /* UILabel+Date.swift in Sources */ = {isa = PBXBuildFile; fileRef = F559F7932462E48000E8F5C7 /* UILabel+Date.swift */; };
		F581247A24660DCB00058B21 /* MovieDetailsController.swift in Sources */ = {isa = PBXBuildFile; fileRef = F581247924660DCB00058B21 /* MovieDetailsController.swift */; };
		F581247C24660E2D00058B21 /* DetailsPosterHeader.swift in Sources */ = {isa = PBXBuildFile; fileRef = F581247B24660E2D00058B21 /* DetailsPosterHeader.swift */; };
		F5A5C9B4245F3639001CF32C /* LoginController.swift in Sources */ = {isa = PBXBuildFile; fileRef = F5A5C9B3245F3639001CF32C /* LoginController.swift */; };
		F5A5C9B6245F3646001CF32C /* RegistrationController.swift in Sources */ = {isa = PBXBuildFile; fileRef = F5A5C9B5245F3646001CF32C /* RegistrationController.swift */; };
		F5A5C9B8245F369E001CF32C /* Extension_LayoutAnchors.swift in Sources */ = {isa = PBXBuildFile; fileRef = F5A5C9B7245F369E001CF32C /* Extension_LayoutAnchors.swift */; };
		F5A5C9BB245F3739001CF32C /* UIKit+Init.swift in Sources */ = {isa = PBXBuildFile; fileRef = F5A5C9BA245F3739001CF32C /* UIKit+Init.swift */; };
		F5A5C9BF245F3792001CF32C /* ProfilePickerController.swift in Sources */ = {isa = PBXBuildFile; fileRef = F5A5C9BE245F3792001CF32C /* ProfilePickerController.swift */; };
		F5A5C9C1245F381A001CF32C /* LoginInputsView.swift in Sources */ = {isa = PBXBuildFile; fileRef = F5A5C9C0245F381A001CF32C /* LoginInputsView.swift */; };
		F5A5C9C3245F383C001CF32C /* InputTextField.swift in Sources */ = {isa = PBXBuildFile; fileRef = F5A5C9C2245F383C001CF32C /* InputTextField.swift */; };
		F5A5C9C5245F3868001CF32C /* RegisterInputsView.swift in Sources */ = {isa = PBXBuildFile; fileRef = F5A5C9C4245F3868001CF32C /* RegisterInputsView.swift */; };
		F5EC0720246AD8FE0059785D /* ReviewsSectionCell.swift in Sources */ = {isa = PBXBuildFile; fileRef = F5EC071F246AD8FE0059785D /* ReviewsSectionCell.swift */; };
		F5EC0722246AD9090059785D /* ReviewsController.swift in Sources */ = {isa = PBXBuildFile; fileRef = F5EC0721246AD9090059785D /* ReviewsController.swift */; };
		F5EC0724246AD9120059785D /* ReviewCell.swift in Sources */ = {isa = PBXBuildFile; fileRef = F5EC0723246AD9120059785D /* ReviewCell.swift */; };
		F5EC0726246ADDC70059785D /* ReviewModels.swift in Sources */ = {isa = PBXBuildFile; fileRef = F5EC0725246ADDC70059785D /* ReviewModels.swift */; };
		F5EC0729246AE6BD0059785D /* AddToListFooter.swift in Sources */ = {isa = PBXBuildFile; fileRef = F5EC0728246AE6BD0059785D /* AddToListFooter.swift */; };
		F5F48D9D23870CCE004CE6BA /* GoogleService-Info.plist in Resources */ = {isa = PBXBuildFile; fileRef = F5F48D9C23870CCE004CE6BA /* GoogleService-Info.plist */; };
		F5FB3A562468AFA0009FAEF6 /* MovieTrailersController.swift in Sources */ = {isa = PBXBuildFile; fileRef = F5FB3A552468AFA0009FAEF6 /* MovieTrailersController.swift */; };
		F5FB3A582468B217009FAEF6 /* MovieTrailerCell.swift in Sources */ = {isa = PBXBuildFile; fileRef = F5FB3A572468B217009FAEF6 /* MovieTrailerCell.swift */; };
		F5FB3A5B2468B3CE009FAEF6 /* VideoModels.swift in Sources */ = {isa = PBXBuildFile; fileRef = F5FB3A5A2468B3CE009FAEF6 /* VideoModels.swift */; };
/* End PBXBuildFile section */

/* Begin PBXContainerItemProxy section */
		F50DA8CF237883C70065CD2B /* PBXContainerItemProxy */ = {
			isa = PBXContainerItemProxy;
			containerPortal = F50DA8B0237883C30065CD2B /* Project object */;
			proxyType = 1;
			remoteGlobalIDString = F50DA8B7237883C30065CD2B;
			remoteInfo = HotelMovieApp;
		};
		F50DA8DA237883C70065CD2B /* PBXContainerItemProxy */ = {
			isa = PBXContainerItemProxy;
			containerPortal = F50DA8B0237883C30065CD2B /* Project object */;
			proxyType = 1;
			remoteGlobalIDString = F50DA8B7237883C30065CD2B;
			remoteInfo = HotelMovieApp;
		};
/* End PBXContainerItemProxy section */

/* Begin PBXFileReference section */
		2E6358BDFE249A438B67A589 /* Pods-HotelMovieApp.release.xcconfig */ = {isa = PBXFileReference; includeInIndex = 1; lastKnownFileType = text.xcconfig; name = "Pods-HotelMovieApp.release.xcconfig"; path = "Target Support Files/Pods-HotelMovieApp/Pods-HotelMovieApp.release.xcconfig"; sourceTree = "<group>"; };
		977C2E78BA88D5D8FD232A3C /* Pods-HotelMovieAppTests.debug.xcconfig */ = {isa = PBXFileReference; includeInIndex = 1; lastKnownFileType = text.xcconfig; name = "Pods-HotelMovieAppTests.debug.xcconfig"; path = "Target Support Files/Pods-HotelMovieAppTests/Pods-HotelMovieAppTests.debug.xcconfig"; sourceTree = "<group>"; };
		B42533EAE9208DBD4837747F /* Pods-HotelMovieApp-HotelMovieAppUITests.release.xcconfig */ = {isa = PBXFileReference; includeInIndex = 1; lastKnownFileType = text.xcconfig; name = "Pods-HotelMovieApp-HotelMovieAppUITests.release.xcconfig"; path = "Target Support Files/Pods-HotelMovieApp-HotelMovieAppUITests/Pods-HotelMovieApp-HotelMovieAppUITests.release.xcconfig"; sourceTree = "<group>"; };
		BEEE64F04DA1EA35486F2868 /* Pods_HotelMovieApp.framework */ = {isa = PBXFileReference; explicitFileType = wrapper.framework; includeInIndex = 0; path = Pods_HotelMovieApp.framework; sourceTree = BUILT_PRODUCTS_DIR; };
		CB974C3411637D8E5B13D7C1 /* Pods_HotelMovieAppTests.framework */ = {isa = PBXFileReference; explicitFileType = wrapper.framework; includeInIndex = 0; path = Pods_HotelMovieAppTests.framework; sourceTree = BUILT_PRODUCTS_DIR; };
		CF1DD1FE1310A5D8DDB50645 /* Pods-HotelMovieApp.debug.xcconfig */ = {isa = PBXFileReference; includeInIndex = 1; lastKnownFileType = text.xcconfig; name = "Pods-HotelMovieApp.debug.xcconfig"; path = "Target Support Files/Pods-HotelMovieApp/Pods-HotelMovieApp.debug.xcconfig"; sourceTree = "<group>"; };
		DB45440A84F5D05361527E69 /* Pods-HotelMovieApp-HotelMovieAppUITests.debug.xcconfig */ = {isa = PBXFileReference; includeInIndex = 1; lastKnownFileType = text.xcconfig; name = "Pods-HotelMovieApp-HotelMovieAppUITests.debug.xcconfig"; path = "Target Support Files/Pods-HotelMovieApp-HotelMovieAppUITests/Pods-HotelMovieApp-HotelMovieAppUITests.debug.xcconfig"; sourceTree = "<group>"; };
		E5AB320D00A0EFB5EAF031F4 /* Pods_HotelMovieApp_HotelMovieAppUITests.framework */ = {isa = PBXFileReference; explicitFileType = wrapper.framework; includeInIndex = 0; path = Pods_HotelMovieApp_HotelMovieAppUITests.framework; sourceTree = BUILT_PRODUCTS_DIR; };
		F14D6161F791F725EA071799 /* Pods-HotelMovieAppTests.release.xcconfig */ = {isa = PBXFileReference; includeInIndex = 1; lastKnownFileType = text.xcconfig; name = "Pods-HotelMovieAppTests.release.xcconfig"; path = "Target Support Files/Pods-HotelMovieAppTests/Pods-HotelMovieAppTests.release.xcconfig"; sourceTree = "<group>"; };
		F5001F69246C247100EBE219 /* HomeRowSectionCell.swift */ = {isa = PBXFileReference; lastKnownFileType = sourcecode.swift; path = HomeRowSectionCell.swift; sourceTree = "<group>"; };
		F5001F6B246C262800EBE219 /* HomeMoviesController.swift */ = {isa = PBXFileReference; lastKnownFileType = sourcecode.swift; path = HomeMoviesController.swift; sourceTree = "<group>"; };
		F5001F6E246C26EE00EBE219 /* HomeMovieCell.swift */ = {isa = PBXFileReference; lastKnownFileType = sourcecode.swift; path = HomeMovieCell.swift; sourceTree = "<group>"; };
		F5001F70246C2AF100EBE219 /* HomeSectionModels.swift */ = {isa = PBXFileReference; lastKnownFileType = sourcecode.swift; path = HomeSectionModels.swift; sourceTree = "<group>"; };
		F5001F72246C306B00EBE219 /* HomeProtocols.swift */ = {isa = PBXFileReference; lastKnownFileType = sourcecode.swift; path = HomeProtocols.swift; sourceTree = "<group>"; };
		F50556032466E3A80043C1F9 /* DetailsProtocols.swift */ = {isa = PBXFileReference; lastKnownFileType = sourcecode.swift; path = DetailsProtocols.swift; sourceTree = "<group>"; };
		F50556072466E5E10043C1F9 /* DetailsInformationCell.swift */ = {isa = PBXFileReference; lastKnownFileType = sourcecode.swift; path = DetailsInformationCell.swift; sourceTree = "<group>"; };
		F50DA8B8237883C30065CD2B /* HotelMovieApp.app */ = {isa = PBXFileReference; explicitFileType = wrapper.application; includeInIndex = 0; path = HotelMovieApp.app; sourceTree = BUILT_PRODUCTS_DIR; };
		F50DA8BB237883C30065CD2B /* AppDelegate.swift */ = {isa = PBXFileReference; lastKnownFileType = sourcecode.swift; path = AppDelegate.swift; sourceTree = "<group>"; };
		F50DA8BD237883C30065CD2B /* SceneDelegate.swift */ = {isa = PBXFileReference; lastKnownFileType = sourcecode.swift; path = SceneDelegate.swift; sourceTree = "<group>"; };
		F50DA8C4237883C70065CD2B /* Assets.xcassets */ = {isa = PBXFileReference; lastKnownFileType = folder.assetcatalog; path = Assets.xcassets; sourceTree = "<group>"; };
		F50DA8C7237883C70065CD2B /* Base */ = {isa = PBXFileReference; lastKnownFileType = file.storyboard; name = Base; path = Base.lproj/LaunchScreen.storyboard; sourceTree = "<group>"; };
		F50DA8C9237883C70065CD2B /* Info.plist */ = {isa = PBXFileReference; lastKnownFileType = text.plist.xml; path = Info.plist; sourceTree = "<group>"; };
		F50DA8CE237883C70065CD2B /* HotelMovieAppTests.xctest */ = {isa = PBXFileReference; explicitFileType = wrapper.cfbundle; includeInIndex = 0; path = HotelMovieAppTests.xctest; sourceTree = BUILT_PRODUCTS_DIR; };
		F50DA8D2237883C70065CD2B /* HotelMovieAppTests.swift */ = {isa = PBXFileReference; lastKnownFileType = sourcecode.swift; path = HotelMovieAppTests.swift; sourceTree = "<group>"; };
		F50DA8D4237883C70065CD2B /* Info.plist */ = {isa = PBXFileReference; lastKnownFileType = text.plist.xml; path = Info.plist; sourceTree = "<group>"; };
		F50DA8D9237883C70065CD2B /* HotelMovieAppUITests.xctest */ = {isa = PBXFileReference; explicitFileType = wrapper.cfbundle; includeInIndex = 0; path = HotelMovieAppUITests.xctest; sourceTree = BUILT_PRODUCTS_DIR; };
		F50DA8DD237883C70065CD2B /* HotelMovieAppUITests.swift */ = {isa = PBXFileReference; lastKnownFileType = sourcecode.swift; path = HotelMovieAppUITests.swift; sourceTree = "<group>"; };
		F50DA8DF237883C70065CD2B /* Info.plist */ = {isa = PBXFileReference; lastKnownFileType = text.plist.xml; path = Info.plist; sourceTree = "<group>"; };
		F51D71142469793F00D27C81 /* DetailsCastSectionCell.swift */ = {isa = PBXFileReference; lastKnownFileType = sourcecode.swift; path = DetailsCastSectionCell.swift; sourceTree = "<group>"; };
		F51D711624697B7A00D27C81 /* CastController.swift */ = {isa = PBXFileReference; lastKnownFileType = sourcecode.swift; path = CastController.swift; sourceTree = "<group>"; };
		F51D711824697ED800D27C81 /* CastMemberCell.swift */ = {isa = PBXFileReference; lastKnownFileType = sourcecode.swift; path = CastMemberCell.swift; sourceTree = "<group>"; };
		F51D711B246983AD00D27C81 /* CastModels.swift */ = {isa = PBXFileReference; lastKnownFileType = sourcecode.swift; path = CastModels.swift; sourceTree = "<group>"; };
		F5469CA424602FFB00194D3D /* MainTabBarController.swift */ = {isa = PBXFileReference; lastKnownFileType = sourcecode.swift; path = MainTabBarController.swift; sourceTree = "<group>"; };
		F5469CA72460328D00194D3D /* HomeController.swift */ = {isa = PBXFileReference; lastKnownFileType = sourcecode.swift; path = HomeController.swift; sourceTree = "<group>"; };
		F5469CA9246034BE00194D3D /* AuthProtocols.swift */ = {isa = PBXFileReference; lastKnownFileType = sourcecode.swift; path = AuthProtocols.swift; sourceTree = "<group>"; };
		F5469CAB24604B8500194D3D /* FirebaseService.swift */ = {isa = PBXFileReference; lastKnownFileType = sourcecode.swift; path = FirebaseService.swift; sourceTree = "<group>"; };
		F559F7852462D31600E8F5C7 /* APIService.swift */ = {isa = PBXFileReference; lastKnownFileType = sourcecode.swift; path = APIService.swift; sourceTree = "<group>"; };
		F559F7882462D33400E8F5C7 /* SearchController.swift */ = {isa = PBXFileReference; lastKnownFileType = sourcecode.swift; path = SearchController.swift; sourceTree = "<group>"; };
		F559F78B2462D64000E8F5C7 /* SearchModels.swift */ = {isa = PBXFileReference; lastKnownFileType = sourcecode.swift; path = SearchModels.swift; sourceTree = "<group>"; };
		F559F78D2462D6D400E8F5C7 /* SearchCell.swift */ = {isa = PBXFileReference; lastKnownFileType = sourcecode.swift; path = SearchCell.swift; sourceTree = "<group>"; };
		F559F7912462E44C00E8F5C7 /* UIImage+Cache.swift */ = {isa = PBXFileReference; lastKnownFileType = sourcecode.swift; path = "UIImage+Cache.swift"; sourceTree = "<group>"; };
		F559F7932462E48000E8F5C7 /* UILabel+Date.swift */ = {isa = PBXFileReference; lastKnownFileType = sourcecode.swift; path = "UILabel+Date.swift"; sourceTree = "<group>"; };
		F581247924660DCB00058B21 /* MovieDetailsController.swift */ = {isa = PBXFileReference; lastKnownFileType = sourcecode.swift; path = MovieDetailsController.swift; sourceTree = "<group>"; };
		F581247B24660E2D00058B21 /* DetailsPosterHeader.swift */ = {isa = PBXFileReference; lastKnownFileType = sourcecode.swift; path = DetailsPosterHeader.swift; sourceTree = "<group>"; };
		F5A5C9B3245F3639001CF32C /* LoginController.swift */ = {isa = PBXFileReference; lastKnownFileType = sourcecode.swift; path = LoginController.swift; sourceTree = "<group>"; };
		F5A5C9B5245F3646001CF32C /* RegistrationController.swift */ = {isa = PBXFileReference; lastKnownFileType = sourcecode.swift; path = RegistrationController.swift; sourceTree = "<group>"; };
		F5A5C9B7245F369E001CF32C /* Extension_LayoutAnchors.swift */ = {isa = PBXFileReference; fileEncoding = 4; lastKnownFileType = sourcecode.swift; path = Extension_LayoutAnchors.swift; sourceTree = "<group>"; };
		F5A5C9BA245F3739001CF32C /* UIKit+Init.swift */ = {isa = PBXFileReference; lastKnownFileType = sourcecode.swift; path = "UIKit+Init.swift"; sourceTree = "<group>"; };
		F5A5C9BE245F3792001CF32C /* ProfilePickerController.swift */ = {isa = PBXFileReference; lastKnownFileType = sourcecode.swift; path = ProfilePickerController.swift; sourceTree = "<group>"; };
		F5A5C9C0245F381A001CF32C /* LoginInputsView.swift */ = {isa = PBXFileReference; lastKnownFileType = sourcecode.swift; path = LoginInputsView.swift; sourceTree = "<group>"; };
		F5A5C9C2245F383C001CF32C /* InputTextField.swift */ = {isa = PBXFileReference; lastKnownFileType = sourcecode.swift; path = InputTextField.swift; sourceTree = "<group>"; };
		F5A5C9C4245F3868001CF32C /* RegisterInputsView.swift */ = {isa = PBXFileReference; lastKnownFileType = sourcecode.swift; path = RegisterInputsView.swift; sourceTree = "<group>"; };
		F5EC071F246AD8FE0059785D /* ReviewsSectionCell.swift */ = {isa = PBXFileReference; lastKnownFileType = sourcecode.swift; name = ReviewsSectionCell.swift; path = HotelMovieApp/MovieDetails/Cast/ReviewsSectionCell.swift; sourceTree = SOURCE_ROOT; };
		F5EC0721246AD9090059785D /* ReviewsController.swift */ = {isa = PBXFileReference; lastKnownFileType = sourcecode.swift; path = ReviewsController.swift; sourceTree = "<group>"; };
		F5EC0723246AD9120059785D /* ReviewCell.swift */ = {isa = PBXFileReference; lastKnownFileType = sourcecode.swift; path = ReviewCell.swift; sourceTree = "<group>"; };
		F5EC0725246ADDC70059785D /* ReviewModels.swift */ = {isa = PBXFileReference; lastKnownFileType = sourcecode.swift; path = ReviewModels.swift; sourceTree = "<group>"; };
		F5EC0728246AE6BD0059785D /* AddToListFooter.swift */ = {isa = PBXFileReference; lastKnownFileType = sourcecode.swift; path = AddToListFooter.swift; sourceTree = "<group>"; };
		F5F48D9C23870CCE004CE6BA /* GoogleService-Info.plist */ = {isa = PBXFileReference; fileEncoding = 4; lastKnownFileType = text.plist.xml; path = "GoogleService-Info.plist"; sourceTree = "<group>"; };
		F5FB3A552468AFA0009FAEF6 /* MovieTrailersController.swift */ = {isa = PBXFileReference; lastKnownFileType = sourcecode.swift; path = MovieTrailersController.swift; sourceTree = "<group>"; };
		F5FB3A572468B217009FAEF6 /* MovieTrailerCell.swift */ = {isa = PBXFileReference; lastKnownFileType = sourcecode.swift; path = MovieTrailerCell.swift; sourceTree = "<group>"; };
		F5FB3A5A2468B3CE009FAEF6 /* VideoModels.swift */ = {isa = PBXFileReference; lastKnownFileType = sourcecode.swift; path = VideoModels.swift; sourceTree = "<group>"; };
/* End PBXFileReference section */

/* Begin PBXFrameworksBuildPhase section */
		F50DA8B5237883C30065CD2B /* Frameworks */ = {
			isa = PBXFrameworksBuildPhase;
			buildActionMask = 2147483647;
			files = (
				EDEE00A955824E0F4458AA53 /* Pods_HotelMovieApp.framework in Frameworks */,
			);
			runOnlyForDeploymentPostprocessing = 0;
		};
		F50DA8CB237883C70065CD2B /* Frameworks */ = {
			isa = PBXFrameworksBuildPhase;
			buildActionMask = 2147483647;
			files = (
				1EAC68486B0F8E93D649E72C /* Pods_HotelMovieAppTests.framework in Frameworks */,
			);
			runOnlyForDeploymentPostprocessing = 0;
		};
		F50DA8D6237883C70065CD2B /* Frameworks */ = {
			isa = PBXFrameworksBuildPhase;
			buildActionMask = 2147483647;
			files = (
				59A95EA32630FE226B6B647B /* Pods_HotelMovieApp_HotelMovieAppUITests.framework in Frameworks */,
			);
			runOnlyForDeploymentPostprocessing = 0;
		};
/* End PBXFrameworksBuildPhase section */

/* Begin PBXGroup section */
		6F3BAC8C4836CEB70EE89218 /* Frameworks */ = {
			isa = PBXGroup;
			children = (
				BEEE64F04DA1EA35486F2868 /* Pods_HotelMovieApp.framework */,
				E5AB320D00A0EFB5EAF031F4 /* Pods_HotelMovieApp_HotelMovieAppUITests.framework */,
				CB974C3411637D8E5B13D7C1 /* Pods_HotelMovieAppTests.framework */,
			);
			name = Frameworks;
			sourceTree = "<group>";
		};
		AE9AD2B301713C2C12E2700C /* Pods */ = {
			isa = PBXGroup;
			children = (
				CF1DD1FE1310A5D8DDB50645 /* Pods-HotelMovieApp.debug.xcconfig */,
				2E6358BDFE249A438B67A589 /* Pods-HotelMovieApp.release.xcconfig */,
				DB45440A84F5D05361527E69 /* Pods-HotelMovieApp-HotelMovieAppUITests.debug.xcconfig */,
				B42533EAE9208DBD4837747F /* Pods-HotelMovieApp-HotelMovieAppUITests.release.xcconfig */,
				977C2E78BA88D5D8FD232A3C /* Pods-HotelMovieAppTests.debug.xcconfig */,
				F14D6161F791F725EA071799 /* Pods-HotelMovieAppTests.release.xcconfig */,
			);
			path = Pods;
			sourceTree = "<group>";
		};
		F50DA8AF237883C30065CD2B = {
			isa = PBXGroup;
			children = (
				F50DA8BA237883C30065CD2B /* HotelMovieApp */,
				F50DA8D1237883C70065CD2B /* HotelMovieAppTests */,
				F50DA8DC237883C70065CD2B /* HotelMovieAppUITests */,
				F50DA8B9237883C30065CD2B /* Products */,
				AE9AD2B301713C2C12E2700C /* Pods */,
				6F3BAC8C4836CEB70EE89218 /* Frameworks */,
			);
			sourceTree = "<group>";
		};
		F50DA8B9237883C30065CD2B /* Products */ = {
			isa = PBXGroup;
			children = (
				F50DA8B8237883C30065CD2B /* HotelMovieApp.app */,
				F50DA8CE237883C70065CD2B /* HotelMovieAppTests.xctest */,
				F50DA8D9237883C70065CD2B /* HotelMovieAppUITests.xctest */,
			);
			name = Products;
			sourceTree = "<group>";
		};
		F50DA8BA237883C30065CD2B /* HotelMovieApp */ = {
			isa = PBXGroup;
			children = (
				F50DA8BB237883C30065CD2B /* AppDelegate.swift */,
				F50DA8BD237883C30065CD2B /* SceneDelegate.swift */,
				F5469CA424602FFB00194D3D /* MainTabBarController.swift */,
				F581247824660D8600058B21 /* MovieDetails */,
				F5A5C9B2245F361E001CF32C /* Authentication */,
				F5469CA62460327E00194D3D /* Home */,
				F559F7872462D31E00E8F5C7 /* Search */,
				F559F78A2462D61A00E8F5C7 /* Models */,
				F5469CAD24604B8C00194D3D /* Service */,
				F559F7952462E49B00E8F5C7 /* Protocols */,
				F5A5C9B9245F3707001CF32C /* Extras */,
				F50DA8C4237883C70065CD2B /* Assets.xcassets */,
				F50DA8C6237883C70065CD2B /* LaunchScreen.storyboard */,
				F50DA8C9237883C70065CD2B /* Info.plist */,
				F5F48D9C23870CCE004CE6BA /* GoogleService-Info.plist */,
			);
			path = HotelMovieApp;
			sourceTree = "<group>";
		};
		F50DA8D1237883C70065CD2B /* HotelMovieAppTests */ = {
			isa = PBXGroup;
			children = (
				F50DA8D2237883C70065CD2B /* HotelMovieAppTests.swift */,
				F50DA8D4237883C70065CD2B /* Info.plist */,
			);
			path = HotelMovieAppTests;
			sourceTree = "<group>";
		};
		F50DA8DC237883C70065CD2B /* HotelMovieAppUITests */ = {
			isa = PBXGroup;
			children = (
				F50DA8DD237883C70065CD2B /* HotelMovieAppUITests.swift */,
				F50DA8DF237883C70065CD2B /* Info.plist */,
			);
			path = HotelMovieAppUITests;
			sourceTree = "<group>";
		};
		F51D71132469790700D27C81 /* Cast */ = {
			isa = PBXGroup;
			children = (
				F51D71142469793F00D27C81 /* DetailsCastSectionCell.swift */,
				F51D711624697B7A00D27C81 /* CastController.swift */,
				F51D711824697ED800D27C81 /* CastMemberCell.swift */,
			);
			path = Cast;
			sourceTree = "<group>";
		};
		F5469CA62460327E00194D3D /* Home */ = {
			isa = PBXGroup;
			children = (
				F5469CA72460328D00194D3D /* HomeController.swift */,
				F5001F69246C247100EBE219 /* HomeRowSectionCell.swift */,
				F5001F6B246C262800EBE219 /* HomeMoviesController.swift */,
				F5001F6E246C26EE00EBE219 /* HomeMovieCell.swift */,
			);
			path = Home;
			sourceTree = "<group>";
		};
		F5469CAD24604B8C00194D3D /* Service */ = {
			isa = PBXGroup;
			children = (
				F5469CAB24604B8500194D3D /* FirebaseService.swift */,
				F559F7852462D31600E8F5C7 /* APIService.swift */,
			);
			path = Service;
			sourceTree = "<group>";
		};
		F559F7872462D31E00E8F5C7 /* Search */ = {
			isa = PBXGroup;
			children = (
				F559F7882462D33400E8F5C7 /* SearchController.swift */,
				F559F78D2462D6D400E8F5C7 /* SearchCell.swift */,
			);
			path = Search;
			sourceTree = "<group>";
		};
		F559F78A2462D61A00E8F5C7 /* Models */ = {
			isa = PBXGroup;
			children = (
				F559F78B2462D64000E8F5C7 /* SearchModels.swift */,
				F5FB3A5A2468B3CE009FAEF6 /* VideoModels.swift */,
				F51D711B246983AD00D27C81 /* CastModels.swift */,
				F5EC0725246ADDC70059785D /* ReviewModels.swift */,
				F5001F70246C2AF100EBE219 /* HomeSectionModels.swift */,
			);
			path = Models;
			sourceTree = "<group>";
		};
		F559F7952462E49B00E8F5C7 /* Protocols */ = {
			isa = PBXGroup;
			children = (
				F5469CA9246034BE00194D3D /* AuthProtocols.swift */,
				F50556032466E3A80043C1F9 /* DetailsProtocols.swift */,
				F5001F72246C306B00EBE219 /* HomeProtocols.swift */,
			);
			path = Protocols;
			sourceTree = "<group>";
		};
		F581247824660D8600058B21 /* MovieDetails */ = {
			isa = PBXGroup;
			children = (
				F5EC0727246AE68A0059785D /* Header = Footer */,
				F51D71132469790700D27C81 /* Cast */,
				F5EC071E246AD8E60059785D /* Reviews */,
				F5FB3A542468AF91009FAEF6 /* Trailers */,
				F581247924660DCB00058B21 /* MovieDetailsController.swift */,
				F50556072466E5E10043C1F9 /* DetailsInformationCell.swift */,
			);
			path = MovieDetails;
			sourceTree = "<group>";
		};
		F5A5C9B2245F361E001CF32C /* Authentication */ = {
			isa = PBXGroup;
			children = (
				F5A5C9C2245F383C001CF32C /* InputTextField.swift */,
				F5A5C9BD245F3769001CF32C /* Registration */,
				F5A5C9BC245F3765001CF32C /* Login */,
			);
			path = Authentication;
			sourceTree = "<group>";
		};
		F5A5C9B9245F3707001CF32C /* Extras */ = {
			isa = PBXGroup;
			children = (
				F5A5C9B7245F369E001CF32C /* Extension_LayoutAnchors.swift */,
				F5A5C9BA245F3739001CF32C /* UIKit+Init.swift */,
				F559F7912462E44C00E8F5C7 /* UIImage+Cache.swift */,
				F559F7932462E48000E8F5C7 /* UILabel+Date.swift */,
			);
			path = Extras;
			sourceTree = "<group>";
		};
		F5A5C9BC245F3765001CF32C /* Login */ = {
			isa = PBXGroup;
			children = (
				F5A5C9B3245F3639001CF32C /* LoginController.swift */,
				F5A5C9C0245F381A001CF32C /* LoginInputsView.swift */,
			);
			path = Login;
			sourceTree = "<group>";
		};
		F5A5C9BD245F3769001CF32C /* Registration */ = {
			isa = PBXGroup;
			children = (
				F5A5C9B5245F3646001CF32C /* RegistrationController.swift */,
				F5A5C9BE245F3792001CF32C /* ProfilePickerController.swift */,
				F5A5C9C4245F3868001CF32C /* RegisterInputsView.swift */,
			);
			path = Registration;
			sourceTree = "<group>";
		};
		F5EC071E246AD8E60059785D /* Reviews */ = {
			isa = PBXGroup;
			children = (
				F5EC071F246AD8FE0059785D /* ReviewsSectionCell.swift */,
				F5EC0721246AD9090059785D /* ReviewsController.swift */,
				F5EC0723246AD9120059785D /* ReviewCell.swift */,
			);
			path = Reviews;
			sourceTree = "<group>";
		};
		F5EC0727246AE68A0059785D /* Header = Footer */ = {
			isa = PBXGroup;
			children = (
				F581247B24660E2D00058B21 /* DetailsPosterHeader.swift */,
				F5EC0728246AE6BD0059785D /* AddToListFooter.swift */,
			);
			path = "Header = Footer";
			sourceTree = "<group>";
		};
		F5FB3A542468AF91009FAEF6 /* Trailers */ = {
			isa = PBXGroup;
			children = (
				F5FB3A552468AFA0009FAEF6 /* MovieTrailersController.swift */,
				F5FB3A572468B217009FAEF6 /* MovieTrailerCell.swift */,
			);
			path = Trailers;
			sourceTree = "<group>";
		};
/* End PBXGroup section */

/* Begin PBXNativeTarget section */
		F50DA8B7237883C30065CD2B /* HotelMovieApp */ = {
			isa = PBXNativeTarget;
			buildConfigurationList = F50DA8E2237883C70065CD2B /* Build configuration list for PBXNativeTarget "HotelMovieApp" */;
			buildPhases = (
				480531684A004FBA5CD69C6E /* [CP] Check Pods Manifest.lock */,
				F50DA8B4237883C30065CD2B /* Sources */,
				F50DA8B5237883C30065CD2B /* Frameworks */,
				F50DA8B6237883C30065CD2B /* Resources */,
				BE0825BC9B52915650BE69B6 /* [CP] Embed Pods Frameworks */,
			);
			buildRules = (
			);
			dependencies = (
			);
			name = HotelMovieApp;
			productName = HotelMovieApp;
			productReference = F50DA8B8237883C30065CD2B /* HotelMovieApp.app */;
			productType = "com.apple.product-type.application";
		};
		F50DA8CD237883C70065CD2B /* HotelMovieAppTests */ = {
			isa = PBXNativeTarget;
			buildConfigurationList = F50DA8E5237883C70065CD2B /* Build configuration list for PBXNativeTarget "HotelMovieAppTests" */;
			buildPhases = (
				FE461207B71C0EEED80A3F94 /* [CP] Check Pods Manifest.lock */,
				F50DA8CA237883C70065CD2B /* Sources */,
				F50DA8CB237883C70065CD2B /* Frameworks */,
				F50DA8CC237883C70065CD2B /* Resources */,
			);
			buildRules = (
			);
			dependencies = (
				F50DA8D0237883C70065CD2B /* PBXTargetDependency */,
			);
			name = HotelMovieAppTests;
			productName = HotelMovieAppTests;
			productReference = F50DA8CE237883C70065CD2B /* HotelMovieAppTests.xctest */;
			productType = "com.apple.product-type.bundle.unit-test";
		};
		F50DA8D8237883C70065CD2B /* HotelMovieAppUITests */ = {
			isa = PBXNativeTarget;
			buildConfigurationList = F50DA8E8237883C70065CD2B /* Build configuration list for PBXNativeTarget "HotelMovieAppUITests" */;
			buildPhases = (
				F24B39AE767BE3A1737F8BB4 /* [CP] Check Pods Manifest.lock */,
				F50DA8D5237883C70065CD2B /* Sources */,
				F50DA8D6237883C70065CD2B /* Frameworks */,
				F50DA8D7237883C70065CD2B /* Resources */,
				D1E1ACE59087CFCA3ECFD08D /* [CP] Embed Pods Frameworks */,
			);
			buildRules = (
			);
			dependencies = (
				F50DA8DB237883C70065CD2B /* PBXTargetDependency */,
			);
			name = HotelMovieAppUITests;
			productName = HotelMovieAppUITests;
			productReference = F50DA8D9237883C70065CD2B /* HotelMovieAppUITests.xctest */;
			productType = "com.apple.product-type.bundle.ui-testing";
		};
/* End PBXNativeTarget section */

/* Begin PBXProject section */
		F50DA8B0237883C30065CD2B /* Project object */ = {
			isa = PBXProject;
			attributes = {
				LastSwiftUpdateCheck = 1110;
				LastUpgradeCheck = 1110;
				ORGANIZATIONNAME = "Andrew Demenagas";
				TargetAttributes = {
					F50DA8B7237883C30065CD2B = {
						CreatedOnToolsVersion = 11.1;
					};
					F50DA8CD237883C70065CD2B = {
						CreatedOnToolsVersion = 11.1;
						TestTargetID = F50DA8B7237883C30065CD2B;
					};
					F50DA8D8237883C70065CD2B = {
						CreatedOnToolsVersion = 11.1;
						TestTargetID = F50DA8B7237883C30065CD2B;
					};
				};
			};
			buildConfigurationList = F50DA8B3237883C30065CD2B /* Build configuration list for PBXProject "HotelMovieApp" */;
			compatibilityVersion = "Xcode 9.3";
			developmentRegion = en;
			hasScannedForEncodings = 0;
			knownRegions = (
				en,
				Base,
			);
			mainGroup = F50DA8AF237883C30065CD2B;
			productRefGroup = F50DA8B9237883C30065CD2B /* Products */;
			projectDirPath = "";
			projectRoot = "";
			targets = (
				F50DA8B7237883C30065CD2B /* HotelMovieApp */,
				F50DA8CD237883C70065CD2B /* HotelMovieAppTests */,
				F50DA8D8237883C70065CD2B /* HotelMovieAppUITests */,
			);
		};
/* End PBXProject section */

/* Begin PBXResourcesBuildPhase section */
		F50DA8B6237883C30065CD2B /* Resources */ = {
			isa = PBXResourcesBuildPhase;
			buildActionMask = 2147483647;
			files = (
				F50DA8C8237883C70065CD2B /* LaunchScreen.storyboard in Resources */,
				F50DA8C5237883C70065CD2B /* Assets.xcassets in Resources */,
				F5F48D9D23870CCE004CE6BA /* GoogleService-Info.plist in Resources */,
			);
			runOnlyForDeploymentPostprocessing = 0;
		};
		F50DA8CC237883C70065CD2B /* Resources */ = {
			isa = PBXResourcesBuildPhase;
			buildActionMask = 2147483647;
			files = (
			);
			runOnlyForDeploymentPostprocessing = 0;
		};
		F50DA8D7237883C70065CD2B /* Resources */ = {
			isa = PBXResourcesBuildPhase;
			buildActionMask = 2147483647;
			files = (
			);
			runOnlyForDeploymentPostprocessing = 0;
		};
/* End PBXResourcesBuildPhase section */

/* Begin PBXShellScriptBuildPhase section */
		480531684A004FBA5CD69C6E /* [CP] Check Pods Manifest.lock */ = {
			isa = PBXShellScriptBuildPhase;
			buildActionMask = 2147483647;
			files = (
			);
			inputFileListPaths = (
			);
			inputPaths = (
				"${PODS_PODFILE_DIR_PATH}/Podfile.lock",
				"${PODS_ROOT}/Manifest.lock",
			);
			name = "[CP] Check Pods Manifest.lock";
			outputFileListPaths = (
			);
			outputPaths = (
				"$(DERIVED_FILE_DIR)/Pods-HotelMovieApp-checkManifestLockResult.txt",
			);
			runOnlyForDeploymentPostprocessing = 0;
			shellPath = /bin/sh;
			shellScript = "diff \"${PODS_PODFILE_DIR_PATH}/Podfile.lock\" \"${PODS_ROOT}/Manifest.lock\" > /dev/null\nif [ $? != 0 ] ; then\n    # print error to STDERR\n    echo \"error: The sandbox is not in sync with the Podfile.lock. Run 'pod install' or update your CocoaPods installation.\" >&2\n    exit 1\nfi\n# This output is used by Xcode 'outputs' to avoid re-running this script phase.\necho \"SUCCESS\" > \"${SCRIPT_OUTPUT_FILE_0}\"\n";
			showEnvVarsInLog = 0;
		};
		BE0825BC9B52915650BE69B6 /* [CP] Embed Pods Frameworks */ = {
			isa = PBXShellScriptBuildPhase;
			buildActionMask = 2147483647;
			files = (
			);
			inputFileListPaths = (
				"${PODS_ROOT}/Target Support Files/Pods-HotelMovieApp/Pods-HotelMovieApp-frameworks-${CONFIGURATION}-input-files.xcfilelist",
			);
			name = "[CP] Embed Pods Frameworks";
			outputFileListPaths = (
				"${PODS_ROOT}/Target Support Files/Pods-HotelMovieApp/Pods-HotelMovieApp-frameworks-${CONFIGURATION}-output-files.xcfilelist",
			);
			runOnlyForDeploymentPostprocessing = 0;
			shellPath = /bin/sh;
			shellScript = "\"${PODS_ROOT}/Target Support Files/Pods-HotelMovieApp/Pods-HotelMovieApp-frameworks.sh\"\n";
			showEnvVarsInLog = 0;
		};
		D1E1ACE59087CFCA3ECFD08D /* [CP] Embed Pods Frameworks */ = {
			isa = PBXShellScriptBuildPhase;
			buildActionMask = 2147483647;
			files = (
			);
			inputFileListPaths = (
				"${PODS_ROOT}/Target Support Files/Pods-HotelMovieApp-HotelMovieAppUITests/Pods-HotelMovieApp-HotelMovieAppUITests-frameworks-${CONFIGURATION}-input-files.xcfilelist",
			);
			name = "[CP] Embed Pods Frameworks";
			outputFileListPaths = (
				"${PODS_ROOT}/Target Support Files/Pods-HotelMovieApp-HotelMovieAppUITests/Pods-HotelMovieApp-HotelMovieAppUITests-frameworks-${CONFIGURATION}-output-files.xcfilelist",
			);
			runOnlyForDeploymentPostprocessing = 0;
			shellPath = /bin/sh;
			shellScript = "\"${PODS_ROOT}/Target Support Files/Pods-HotelMovieApp-HotelMovieAppUITests/Pods-HotelMovieApp-HotelMovieAppUITests-frameworks.sh\"\n";
			showEnvVarsInLog = 0;
		};
		F24B39AE767BE3A1737F8BB4 /* [CP] Check Pods Manifest.lock */ = {
			isa = PBXShellScriptBuildPhase;
			buildActionMask = 2147483647;
			files = (
			);
			inputFileListPaths = (
			);
			inputPaths = (
				"${PODS_PODFILE_DIR_PATH}/Podfile.lock",
				"${PODS_ROOT}/Manifest.lock",
			);
			name = "[CP] Check Pods Manifest.lock";
			outputFileListPaths = (
			);
			outputPaths = (
				"$(DERIVED_FILE_DIR)/Pods-HotelMovieApp-HotelMovieAppUITests-checkManifestLockResult.txt",
			);
			runOnlyForDeploymentPostprocessing = 0;
			shellPath = /bin/sh;
			shellScript = "diff \"${PODS_PODFILE_DIR_PATH}/Podfile.lock\" \"${PODS_ROOT}/Manifest.lock\" > /dev/null\nif [ $? != 0 ] ; then\n    # print error to STDERR\n    echo \"error: The sandbox is not in sync with the Podfile.lock. Run 'pod install' or update your CocoaPods installation.\" >&2\n    exit 1\nfi\n# This output is used by Xcode 'outputs' to avoid re-running this script phase.\necho \"SUCCESS\" > \"${SCRIPT_OUTPUT_FILE_0}\"\n";
			showEnvVarsInLog = 0;
		};
		FE461207B71C0EEED80A3F94 /* [CP] Check Pods Manifest.lock */ = {
			isa = PBXShellScriptBuildPhase;
			buildActionMask = 2147483647;
			files = (
			);
			inputFileListPaths = (
			);
			inputPaths = (
				"${PODS_PODFILE_DIR_PATH}/Podfile.lock",
				"${PODS_ROOT}/Manifest.lock",
			);
			name = "[CP] Check Pods Manifest.lock";
			outputFileListPaths = (
			);
			outputPaths = (
				"$(DERIVED_FILE_DIR)/Pods-HotelMovieAppTests-checkManifestLockResult.txt",
			);
			runOnlyForDeploymentPostprocessing = 0;
			shellPath = /bin/sh;
			shellScript = "diff \"${PODS_PODFILE_DIR_PATH}/Podfile.lock\" \"${PODS_ROOT}/Manifest.lock\" > /dev/null\nif [ $? != 0 ] ; then\n    # print error to STDERR\n    echo \"error: The sandbox is not in sync with the Podfile.lock. Run 'pod install' or update your CocoaPods installation.\" >&2\n    exit 1\nfi\n# This output is used by Xcode 'outputs' to avoid re-running this script phase.\necho \"SUCCESS\" > \"${SCRIPT_OUTPUT_FILE_0}\"\n";
			showEnvVarsInLog = 0;
		};
/* End PBXShellScriptBuildPhase section */

/* Begin PBXSourcesBuildPhase section */
		F50DA8B4237883C30065CD2B /* Sources */ = {
			isa = PBXSourcesBuildPhase;
			buildActionMask = 2147483647;
			files = (
				F5A5C9B8245F369E001CF32C /* Extension_LayoutAnchors.swift in Sources */,
				F51D71152469793F00D27C81 /* DetailsCastSectionCell.swift in Sources */,
				F5EC0726246ADDC70059785D /* ReviewModels.swift in Sources */,
				F5EC0729246AE6BD0059785D /* AddToListFooter.swift in Sources */,
				F559F7862462D31600E8F5C7 /* APIService.swift in Sources */,
				F559F78C2462D64000E8F5C7 /* SearchModels.swift in Sources */,
				F50DA8BC237883C30065CD2B /* AppDelegate.swift in Sources */,
				F5469CA524602FFB00194D3D /* MainTabBarController.swift in Sources */,
				F5A5C9BF245F3792001CF32C /* ProfilePickerController.swift in Sources */,
				F5469CAC24604B8500194D3D /* FirebaseService.swift in Sources */,
				F5A5C9BB245F3739001CF32C /* UIKit+Init.swift in Sources */,
				F5A5C9C5245F3868001CF32C /* RegisterInputsView.swift in Sources */,
				F5A5C9B4245F3639001CF32C /* LoginController.swift in Sources */,
				F5A5C9B6245F3646001CF32C /* RegistrationController.swift in Sources */,
				F50556082466E5E10043C1F9 /* DetailsInformationCell.swift in Sources */,
				F5EC0720246AD8FE0059785D /* ReviewsSectionCell.swift in Sources */,
				F5469CAA246034BE00194D3D /* AuthProtocols.swift in Sources */,
				F5001F6A246C247100EBE219 /* HomeRowSectionCell.swift in Sources */,
				F51D711924697ED800D27C81 /* CastMemberCell.swift in Sources */,
				F5FB3A562468AFA0009FAEF6 /* MovieTrailersController.swift in Sources */,
				F559F7942462E48000E8F5C7 /* UILabel+Date.swift in Sources */,
				F559F7892462D33400E8F5C7 /* SearchController.swift in Sources */,
				F51D711724697B7A00D27C81 /* CastController.swift in Sources */,
				F5FB3A5B2468B3CE009FAEF6 /* VideoModels.swift in Sources */,
				F5FB3A582468B217009FAEF6 /* MovieTrailerCell.swift in Sources */,
				F559F78E2462D6D400E8F5C7 /* SearchCell.swift in Sources */,
				F5EC0724246AD9120059785D /* ReviewCell.swift in Sources */,
				F51D711C246983AD00D27C81 /* CastModels.swift in Sources */,
				F559F7922462E44C00E8F5C7 /* UIImage+Cache.swift in Sources */,
				F5469CA82460328D00194D3D /* HomeController.swift in Sources */,
				F50556042466E3A80043C1F9 /* DetailsProtocols.swift in Sources */,
				F5EC0722246AD9090059785D /* ReviewsController.swift in Sources */,
				F50DA8BE237883C30065CD2B /* SceneDelegate.swift in Sources */,
				F5A5C9C3245F383C001CF32C /* InputTextField.swift in Sources */,
				F5001F73246C306B00EBE219 /* HomeProtocols.swift in Sources */,
				F5001F6F246C26EE00EBE219 /* HomeMovieCell.swift in Sources */,
				F5001F6C246C262800EBE219 /* HomeMoviesController.swift in Sources */,
				F5001F71246C2AF100EBE219 /* HomeSectionModels.swift in Sources */,
				F5A5C9C1245F381A001CF32C /* LoginInputsView.swift in Sources */,
				F581247A24660DCB00058B21 /* MovieDetailsController.swift in Sources */,
				F581247C24660E2D00058B21 /* DetailsPosterHeader.swift in Sources */,
			);
			runOnlyForDeploymentPostprocessing = 0;
		};
		F50DA8CA237883C70065CD2B /* Sources */ = {
			isa = PBXSourcesBuildPhase;
			buildActionMask = 2147483647;
			files = (
				F50DA8D3237883C70065CD2B /* HotelMovieAppTests.swift in Sources */,
			);
			runOnlyForDeploymentPostprocessing = 0;
		};
		F50DA8D5237883C70065CD2B /* Sources */ = {
			isa = PBXSourcesBuildPhase;
			buildActionMask = 2147483647;
			files = (
				F50DA8DE237883C70065CD2B /* HotelMovieAppUITests.swift in Sources */,
			);
			runOnlyForDeploymentPostprocessing = 0;
		};
/* End PBXSourcesBuildPhase section */

/* Begin PBXTargetDependency section */
		F50DA8D0237883C70065CD2B /* PBXTargetDependency */ = {
			isa = PBXTargetDependency;
			target = F50DA8B7237883C30065CD2B /* HotelMovieApp */;
			targetProxy = F50DA8CF237883C70065CD2B /* PBXContainerItemProxy */;
		};
		F50DA8DB237883C70065CD2B /* PBXTargetDependency */ = {
			isa = PBXTargetDependency;
			target = F50DA8B7237883C30065CD2B /* HotelMovieApp */;
			targetProxy = F50DA8DA237883C70065CD2B /* PBXContainerItemProxy */;
		};
/* End PBXTargetDependency section */

/* Begin PBXVariantGroup section */
		F50DA8C6237883C70065CD2B /* LaunchScreen.storyboard */ = {
			isa = PBXVariantGroup;
			children = (
				F50DA8C7237883C70065CD2B /* Base */,
			);
			name = LaunchScreen.storyboard;
			sourceTree = "<group>";
		};
/* End PBXVariantGroup section */

/* Begin XCBuildConfiguration section */
		F50DA8E0237883C70065CD2B /* Debug */ = {
			isa = XCBuildConfiguration;
			buildSettings = {
				ALWAYS_SEARCH_USER_PATHS = NO;
				CLANG_ANALYZER_NONNULL = YES;
				CLANG_ANALYZER_NUMBER_OBJECT_CONVERSION = YES_AGGRESSIVE;
				CLANG_CXX_LANGUAGE_STANDARD = "gnu++14";
				CLANG_CXX_LIBRARY = "libc++";
				CLANG_ENABLE_MODULES = YES;
				CLANG_ENABLE_OBJC_ARC = YES;
				CLANG_ENABLE_OBJC_WEAK = YES;
				CLANG_WARN_BLOCK_CAPTURE_AUTORELEASING = YES;
				CLANG_WARN_BOOL_CONVERSION = YES;
				CLANG_WARN_COMMA = YES;
				CLANG_WARN_CONSTANT_CONVERSION = YES;
				CLANG_WARN_DEPRECATED_OBJC_IMPLEMENTATIONS = YES;
				CLANG_WARN_DIRECT_OBJC_ISA_USAGE = YES_ERROR;
				CLANG_WARN_DOCUMENTATION_COMMENTS = YES;
				CLANG_WARN_EMPTY_BODY = YES;
				CLANG_WARN_ENUM_CONVERSION = YES;
				CLANG_WARN_INFINITE_RECURSION = YES;
				CLANG_WARN_INT_CONVERSION = YES;
				CLANG_WARN_NON_LITERAL_NULL_CONVERSION = YES;
				CLANG_WARN_OBJC_IMPLICIT_RETAIN_SELF = YES;
				CLANG_WARN_OBJC_LITERAL_CONVERSION = YES;
				CLANG_WARN_OBJC_ROOT_CLASS = YES_ERROR;
				CLANG_WARN_RANGE_LOOP_ANALYSIS = YES;
				CLANG_WARN_STRICT_PROTOTYPES = YES;
				CLANG_WARN_SUSPICIOUS_MOVE = YES;
				CLANG_WARN_UNGUARDED_AVAILABILITY = YES_AGGRESSIVE;
				CLANG_WARN_UNREACHABLE_CODE = YES;
				CLANG_WARN__DUPLICATE_METHOD_MATCH = YES;
				COPY_PHASE_STRIP = NO;
				DEBUG_INFORMATION_FORMAT = dwarf;
				ENABLE_STRICT_OBJC_MSGSEND = YES;
				ENABLE_TESTABILITY = YES;
				GCC_C_LANGUAGE_STANDARD = gnu11;
				GCC_DYNAMIC_NO_PIC = NO;
				GCC_NO_COMMON_BLOCKS = YES;
				GCC_OPTIMIZATION_LEVEL = 0;
				GCC_PREPROCESSOR_DEFINITIONS = (
					"DEBUG=1",
					"$(inherited)",
				);
				GCC_WARN_64_TO_32_BIT_CONVERSION = YES;
				GCC_WARN_ABOUT_RETURN_TYPE = YES_ERROR;
				GCC_WARN_UNDECLARED_SELECTOR = YES;
				GCC_WARN_UNINITIALIZED_AUTOS = YES_AGGRESSIVE;
				GCC_WARN_UNUSED_FUNCTION = YES;
				GCC_WARN_UNUSED_VARIABLE = YES;
				IPHONEOS_DEPLOYMENT_TARGET = 13.1;
				MTL_ENABLE_DEBUG_INFO = INCLUDE_SOURCE;
				MTL_FAST_MATH = YES;
				ONLY_ACTIVE_ARCH = YES;
				SDKROOT = iphoneos;
				SWIFT_ACTIVE_COMPILATION_CONDITIONS = DEBUG;
				SWIFT_OPTIMIZATION_LEVEL = "-Onone";
			};
			name = Debug;
		};
		F50DA8E1237883C70065CD2B /* Release */ = {
			isa = XCBuildConfiguration;
			buildSettings = {
				ALWAYS_SEARCH_USER_PATHS = NO;
				CLANG_ANALYZER_NONNULL = YES;
				CLANG_ANALYZER_NUMBER_OBJECT_CONVERSION = YES_AGGRESSIVE;
				CLANG_CXX_LANGUAGE_STANDARD = "gnu++14";
				CLANG_CXX_LIBRARY = "libc++";
				CLANG_ENABLE_MODULES = YES;
				CLANG_ENABLE_OBJC_ARC = YES;
				CLANG_ENABLE_OBJC_WEAK = YES;
				CLANG_WARN_BLOCK_CAPTURE_AUTORELEASING = YES;
				CLANG_WARN_BOOL_CONVERSION = YES;
				CLANG_WARN_COMMA = YES;
				CLANG_WARN_CONSTANT_CONVERSION = YES;
				CLANG_WARN_DEPRECATED_OBJC_IMPLEMENTATIONS = YES;
				CLANG_WARN_DIRECT_OBJC_ISA_USAGE = YES_ERROR;
				CLANG_WARN_DOCUMENTATION_COMMENTS = YES;
				CLANG_WARN_EMPTY_BODY = YES;
				CLANG_WARN_ENUM_CONVERSION = YES;
				CLANG_WARN_INFINITE_RECURSION = YES;
				CLANG_WARN_INT_CONVERSION = YES;
				CLANG_WARN_NON_LITERAL_NULL_CONVERSION = YES;
				CLANG_WARN_OBJC_IMPLICIT_RETAIN_SELF = YES;
				CLANG_WARN_OBJC_LITERAL_CONVERSION = YES;
				CLANG_WARN_OBJC_ROOT_CLASS = YES_ERROR;
				CLANG_WARN_RANGE_LOOP_ANALYSIS = YES;
				CLANG_WARN_STRICT_PROTOTYPES = YES;
				CLANG_WARN_SUSPICIOUS_MOVE = YES;
				CLANG_WARN_UNGUARDED_AVAILABILITY = YES_AGGRESSIVE;
				CLANG_WARN_UNREACHABLE_CODE = YES;
				CLANG_WARN__DUPLICATE_METHOD_MATCH = YES;
				COPY_PHASE_STRIP = NO;
				DEBUG_INFORMATION_FORMAT = "dwarf-with-dsym";
				ENABLE_NS_ASSERTIONS = NO;
				ENABLE_STRICT_OBJC_MSGSEND = YES;
				GCC_C_LANGUAGE_STANDARD = gnu11;
				GCC_NO_COMMON_BLOCKS = YES;
				GCC_WARN_64_TO_32_BIT_CONVERSION = YES;
				GCC_WARN_ABOUT_RETURN_TYPE = YES_ERROR;
				GCC_WARN_UNDECLARED_SELECTOR = YES;
				GCC_WARN_UNINITIALIZED_AUTOS = YES_AGGRESSIVE;
				GCC_WARN_UNUSED_FUNCTION = YES;
				GCC_WARN_UNUSED_VARIABLE = YES;
				IPHONEOS_DEPLOYMENT_TARGET = 13.1;
				MTL_ENABLE_DEBUG_INFO = NO;
				MTL_FAST_MATH = YES;
				SDKROOT = iphoneos;
				SWIFT_COMPILATION_MODE = wholemodule;
				SWIFT_OPTIMIZATION_LEVEL = "-O";
				VALIDATE_PRODUCT = YES;
			};
			name = Release;
		};
		F50DA8E3237883C70065CD2B /* Debug */ = {
			isa = XCBuildConfiguration;
			baseConfigurationReference = CF1DD1FE1310A5D8DDB50645 /* Pods-HotelMovieApp.debug.xcconfig */;
			buildSettings = {
				ASSETCATALOG_COMPILER_APPICON_NAME = AppIcon;
				CODE_SIGN_STYLE = Automatic;
				DEVELOPMENT_TEAM = HACZ6L5C84;
				INFOPLIST_FILE = HotelMovieApp/Info.plist;
				LD_RUNPATH_SEARCH_PATHS = (
					"$(inherited)",
					"@executable_path/Frameworks",
				);
				PRODUCT_BUNDLE_IDENTIFIER = AndrewDemenagas.HotelMovieApp;
				PRODUCT_NAME = "$(TARGET_NAME)";
				SWIFT_VERSION = 5.0;
				TARGETED_DEVICE_FAMILY = "1,2";
			};
			name = Debug;
		};
		F50DA8E4237883C70065CD2B /* Release */ = {
			isa = XCBuildConfiguration;
			baseConfigurationReference = 2E6358BDFE249A438B67A589 /* Pods-HotelMovieApp.release.xcconfig */;
			buildSettings = {
				ASSETCATALOG_COMPILER_APPICON_NAME = AppIcon;
				CODE_SIGN_STYLE = Automatic;
				DEVELOPMENT_TEAM = HACZ6L5C84;
				INFOPLIST_FILE = HotelMovieApp/Info.plist;
				LD_RUNPATH_SEARCH_PATHS = (
					"$(inherited)",
					"@executable_path/Frameworks",
				);
				PRODUCT_BUNDLE_IDENTIFIER = AndrewDemenagas.HotelMovieApp;
				PRODUCT_NAME = "$(TARGET_NAME)";
				SWIFT_VERSION = 5.0;
				TARGETED_DEVICE_FAMILY = "1,2";
			};
			name = Release;
		};
		F50DA8E6237883C70065CD2B /* Debug */ = {
			isa = XCBuildConfiguration;
			baseConfigurationReference = 977C2E78BA88D5D8FD232A3C /* Pods-HotelMovieAppTests.debug.xcconfig */;
			buildSettings = {
				ALWAYS_EMBED_SWIFT_STANDARD_LIBRARIES = YES;
				BUNDLE_LOADER = "$(TEST_HOST)";
				CODE_SIGN_STYLE = Automatic;
				DEVELOPMENT_TEAM = HACZ6L5C84;
				INFOPLIST_FILE = HotelMovieAppTests/Info.plist;
				IPHONEOS_DEPLOYMENT_TARGET = 13.1;
				LD_RUNPATH_SEARCH_PATHS = (
					"$(inherited)",
					"@executable_path/Frameworks",
					"@loader_path/Frameworks",
				);
				PRODUCT_BUNDLE_IDENTIFIER = AndrewDemenagas.HotelMovieAppTests;
				PRODUCT_NAME = "$(TARGET_NAME)";
				SWIFT_VERSION = 5.0;
				TARGETED_DEVICE_FAMILY = "1,2";
				TEST_HOST = "$(BUILT_PRODUCTS_DIR)/HotelMovieApp.app/HotelMovieApp";
			};
			name = Debug;
		};
		F50DA8E7237883C70065CD2B /* Release */ = {
			isa = XCBuildConfiguration;
			baseConfigurationReference = F14D6161F791F725EA071799 /* Pods-HotelMovieAppTests.release.xcconfig */;
			buildSettings = {
				ALWAYS_EMBED_SWIFT_STANDARD_LIBRARIES = YES;
				BUNDLE_LOADER = "$(TEST_HOST)";
				CODE_SIGN_STYLE = Automatic;
				DEVELOPMENT_TEAM = HACZ6L5C84;
				INFOPLIST_FILE = HotelMovieAppTests/Info.plist;
				IPHONEOS_DEPLOYMENT_TARGET = 13.1;
				LD_RUNPATH_SEARCH_PATHS = (
					"$(inherited)",
					"@executable_path/Frameworks",
					"@loader_path/Frameworks",
				);
				PRODUCT_BUNDLE_IDENTIFIER = AndrewDemenagas.HotelMovieAppTests;
				PRODUCT_NAME = "$(TARGET_NAME)";
				SWIFT_VERSION = 5.0;
				TARGETED_DEVICE_FAMILY = "1,2";
				TEST_HOST = "$(BUILT_PRODUCTS_DIR)/HotelMovieApp.app/HotelMovieApp";
			};
			name = Release;
		};
		F50DA8E9237883C70065CD2B /* Debug */ = {
			isa = XCBuildConfiguration;
			baseConfigurationReference = DB45440A84F5D05361527E69 /* Pods-HotelMovieApp-HotelMovieAppUITests.debug.xcconfig */;
			buildSettings = {
				ALWAYS_EMBED_SWIFT_STANDARD_LIBRARIES = YES;
				CODE_SIGN_STYLE = Automatic;
				DEVELOPMENT_TEAM = HACZ6L5C84;
				INFOPLIST_FILE = HotelMovieAppUITests/Info.plist;
				LD_RUNPATH_SEARCH_PATHS = (
					"$(inherited)",
					"@executable_path/Frameworks",
					"@loader_path/Frameworks",
				);
				PRODUCT_BUNDLE_IDENTIFIER = AndrewDemenagas.HotelMovieAppUITests;
				PRODUCT_NAME = "$(TARGET_NAME)";
				SWIFT_VERSION = 5.0;
				TARGETED_DEVICE_FAMILY = "1,2";
				TEST_TARGET_NAME = HotelMovieApp;
			};
			name = Debug;
		};
		F50DA8EA237883C70065CD2B /* Release */ = {
			isa = XCBuildConfiguration;
			baseConfigurationReference = B42533EAE9208DBD4837747F /* Pods-HotelMovieApp-HotelMovieAppUITests.release.xcconfig */;
			buildSettings = {
				ALWAYS_EMBED_SWIFT_STANDARD_LIBRARIES = YES;
				CODE_SIGN_STYLE = Automatic;
				DEVELOPMENT_TEAM = HACZ6L5C84;
				INFOPLIST_FILE = HotelMovieAppUITests/Info.plist;
				LD_RUNPATH_SEARCH_PATHS = (
					"$(inherited)",
					"@executable_path/Frameworks",
					"@loader_path/Frameworks",
				);
				PRODUCT_BUNDLE_IDENTIFIER = AndrewDemenagas.HotelMovieAppUITests;
				PRODUCT_NAME = "$(TARGET_NAME)";
				SWIFT_VERSION = 5.0;
				TARGETED_DEVICE_FAMILY = "1,2";
				TEST_TARGET_NAME = HotelMovieApp;
			};
			name = Release;
		};
/* End XCBuildConfiguration section */

/* Begin XCConfigurationList section */
		F50DA8B3237883C30065CD2B /* Build configuration list for PBXProject "HotelMovieApp" */ = {
			isa = XCConfigurationList;
			buildConfigurations = (
				F50DA8E0237883C70065CD2B /* Debug */,
				F50DA8E1237883C70065CD2B /* Release */,
			);
			defaultConfigurationIsVisible = 0;
			defaultConfigurationName = Release;
		};
		F50DA8E2237883C70065CD2B /* Build configuration list for PBXNativeTarget "HotelMovieApp" */ = {
			isa = XCConfigurationList;
			buildConfigurations = (
				F50DA8E3237883C70065CD2B /* Debug */,
				F50DA8E4237883C70065CD2B /* Release */,
			);
			defaultConfigurationIsVisible = 0;
			defaultConfigurationName = Release;
		};
		F50DA8E5237883C70065CD2B /* Build configuration list for PBXNativeTarget "HotelMovieAppTests" */ = {
			isa = XCConfigurationList;
			buildConfigurations = (
				F50DA8E6237883C70065CD2B /* Debug */,
				F50DA8E7237883C70065CD2B /* Release */,
			);
			defaultConfigurationIsVisible = 0;
			defaultConfigurationName = Release;
		};
		F50DA8E8237883C70065CD2B /* Build configuration list for PBXNativeTarget "HotelMovieAppUITests" */ = {
			isa = XCConfigurationList;
			buildConfigurations = (
				F50DA8E9237883C70065CD2B /* Debug */,
				F50DA8EA237883C70065CD2B /* Release */,
			);
			defaultConfigurationIsVisible = 0;
			defaultConfigurationName = Release;
		};
/* End XCConfigurationList section */
	};
	rootObject = F50DA8B0237883C30065CD2B /* Project object */;
}
